
Microsoft Visual Studio Solution File, Format Version 12.00
# Visual Studio Version 16
VisualStudioVersion = 16.0.34031.81
MinimumVisualStudioVersion = 16.0.30011.22
Project("{2150E333-8FDC-42A3-9474-1A3956D46DE8}") = "00.Core", "00.Core", "{840D1568-9DE2-4856-99AC-6FE55B0C84BA}"
EndProject
Project("{9A19103F-16F7-4668-BE54-9A1E7A4F7556}") = "00.Clarity.Ecommerce.Core", "00.Core\00.Clarity.Ecommerce.Core\00.Clarity.Ecommerce.Core.csproj", "{C7250754-0453-49B4-9C61-408C6DA25DC4}"
EndProject
Project("{9A19103F-16F7-4668-BE54-9A1E7A4F7556}") = "00.Clarity.Ecommerce.Encryption", "00.Core\00.Clarity.Ecommerce.Encryption\00.Clarity.Ecommerce.Encryption.csproj", "{4049DE6B-22F5-4D5F-87E6-C17C73D12D38}"
EndProject
Project("{9A19103F-16F7-4668-BE54-9A1E7A4F7556}") = "00.Clarity.Ecommerce.RegistryLoader", "00.Core\00.Clarity.Ecommerce.RegistryLoader\00.Clarity.Ecommerce.RegistryLoader.csproj", "{57E8C6EA-ABC2-4775-9352-2DBA1F2F401C}"
EndProject
Project("{9A19103F-16F7-4668-BE54-9A1E7A4F7556}") = "00.Clarity.Ecommerce.Utilities", "00.Core\00.Clarity.Ecommerce.Utilities\00.Clarity.Ecommerce.Utilities.csproj", "{47B9BBAF-4668-4B6F-953E-CAE1C7AB3935}"
EndProject
Project("{2150E333-8FDC-42A3-9474-1A3956D46DE8}") = "01.DataAccessLayer", "01.DataAccessLayer", "{522C8AEC-AFB8-4E06-B89E-3D153F09AAFA}"
EndProject
Project("{9A19103F-16F7-4668-BE54-9A1E7A4F7556}") = "01.Clarity.Ecommerce.DataModel", "01.DataAccessLayer\01.Clarity.Ecommerce.DataModel\01.Clarity.Ecommerce.DataModel.csproj", "{43DE0904-B73B-4893-A3F6-EC53A78B4635}"
EndProject
Project("{D954291E-2A0B-460D-934E-DC6B0785DB48}") = "01.Clarity.Ecommerce.DataModel.Shared", "01.DataAccessLayer\01.Clarity.Ecommerce.DataModel.Shared\01.Clarity.Ecommerce.DataModel.Shared.shproj", "{99C7D311-7854-48A9-9670-FD4A49184B11}"
EndProject
Project("{9A19103F-16F7-4668-BE54-9A1E7A4F7556}") = "01.Clarity.Ecommerce.Searching", "01.DataAccessLayer\01.Clarity.Ecommerce.Searching\01.Clarity.Ecommerce.Searching.csproj", "{84670384-4810-4082-911B-0BB47958EECD}"
EndProject
Project("{2150E333-8FDC-42A3-9474-1A3956D46DE8}") = "02.Interfaces", "02.Interfaces", "{160BA996-ED96-41EE-8DDB-EA4B8C0C0D0C}"
EndProject
Project("{9A19103F-16F7-4668-BE54-9A1E7A4F7556}") = "02.Clarity.Ecommerce.Interfaces.Models", "02.Interfaces\02.Clarity.Ecommerce.Interfaces.Models\02.Clarity.Ecommerce.Interfaces.Models.csproj", "{D2DC6CEB-1C99-430C-A124-E7555654F368}"
EndProject
Project("{9A19103F-16F7-4668-BE54-9A1E7A4F7556}") = "02.Clarity.Ecommerce.Interfaces.Workflows", "02.Interfaces\02.Clarity.Ecommerce.Interfaces.Workflows\02.Clarity.Ecommerce.Interfaces.Workflows.csproj", "{6B148AC1-F2F2-4AEB-AA0A-99F9B575CFCB}"
EndProject
Project("{2150E333-8FDC-42A3-9474-1A3956D46DE8}") = "03.ModelsAndMapping", "03.ModelsAndMapping", "{BF0DC31A-5A19-4102-B720-98C004ACAB3E}"
EndProject
Project("{9A19103F-16F7-4668-BE54-9A1E7A4F7556}") = "03.Clarity.Ecommerce.Models", "03.ModelsAndMapping\03.Clarity.Ecommerce.Models\03.Clarity.Ecommerce.Models.csproj", "{EE6D2B76-FB73-4642-A74A-38289C32AA1D}"
EndProject
Project("{9A19103F-16F7-4668-BE54-9A1E7A4F7556}") = "03.Clarity.Ecommerce.Models.Mapping", "03.ModelsAndMapping\03.Clarity.Ecommerce.Models.Mapping\03.Clarity.Ecommerce.Models.Mapping.csproj", "{E775460A-62B1-4868-823E-F2E28215E07A}"
EndProject
Project("{2150E333-8FDC-42A3-9474-1A3956D46DE8}") = "04.Providers", "04.Providers", "{54754727-594B-45BE-BBC5-5FDDA821D759}"
EndProject
Project("{9A19103F-16F7-4668-BE54-9A1E7A4F7556}") = "Clarity.Ecommerce.Providers.AddressValidation", "04.Providers\Clarity.Ecommerce.Providers.AddressValidation\Clarity.Ecommerce.Providers.AddressValidation.csproj", "{82609FB5-F297-4814-9335-72DF33B0D1EB}"
EndProject
Project("{9A19103F-16F7-4668-BE54-9A1E7A4F7556}") = "Clarity.Ecommerce.Providers.Api", "04.Providers\Clarity.Ecommerce.Providers.Api\Clarity.Ecommerce.Providers.Api.csproj", "{362FA967-972F-4BE7-B7EF-64A43D708BB7}"
EndProject
Project("{9A19103F-16F7-4668-BE54-9A1E7A4F7556}") = "Clarity.Ecommerce.Providers.Caching", "04.Providers\Clarity.Ecommerce.Providers.Caching\Clarity.Ecommerce.Providers.Caching.csproj", "{BD8A5C14-3828-4068-86AF-39726FA0E79B}"
EndProject
Project("{9A19103F-16F7-4668-BE54-9A1E7A4F7556}") = "Clarity.Ecommerce.Providers.CartValidation", "04.Providers\Clarity.Ecommerce.Providers.CartValidation\Clarity.Ecommerce.Providers.CartValidation.csproj", "{7091FF4E-BEE9-4196-A6E4-30EC8C9F109A}"
EndProject
Project("{9A19103F-16F7-4668-BE54-9A1E7A4F7556}") = "Clarity.Ecommerce.Providers.Checkouts", "04.Providers\Clarity.Ecommerce.Providers.Checkouts\Clarity.Ecommerce.Providers.Checkouts.csproj", "{10C32A8B-DC84-4291-A6E9-26BE49F04259}"
EndProject
Project("{9A19103F-16F7-4668-BE54-9A1E7A4F7556}") = "Clarity.Ecommerce.Providers.CurrencyConversions", "04.Providers\Clarity.Ecommerce.Providers.CurrencyConversions\Clarity.Ecommerce.Providers.CurrencyConversions.csproj", "{7F3BDC33-A467-47B1-8758-13E0E052BE0D}"
EndProject
Project("{9A19103F-16F7-4668-BE54-9A1E7A4F7556}") = "Clarity.Ecommerce.Providers.Discounts", "04.Providers\Clarity.Ecommerce.Providers.Discounts\Clarity.Ecommerce.Providers.Discounts.csproj", "{668B1ABB-F01F-499F-B8CF-42290C985022}"
EndProject
Project("{9A19103F-16F7-4668-BE54-9A1E7A4F7556}") = "Clarity.Ecommerce.Providers.Emails", "04.Providers\Clarity.Ecommerce.Providers.Emails\Clarity.Ecommerce.Providers.Emails.csproj", "{EFEF934C-E114-4007-AB38-BD4AAA63AF20}"
EndProject
Project("{9A19103F-16F7-4668-BE54-9A1E7A4F7556}") = "Clarity.Ecommerce.Providers.Files", "04.Providers\Clarity.Ecommerce.Providers.Files\Clarity.Ecommerce.Providers.Files.csproj", "{D855A131-6215-46F6-8104-2F04E311DB3D}"
EndProject
Project("{9A19103F-16F7-4668-BE54-9A1E7A4F7556}") = "Clarity.Ecommerce.Providers.Importer", "04.Providers\Clarity.Ecommerce.Providers.Importer\Clarity.Ecommerce.Providers.Importer.csproj", "{6873F4F1-499D-405E-9A3B-061A88190C4C}"
EndProject
Project("{9A19103F-16F7-4668-BE54-9A1E7A4F7556}") = "Clarity.Ecommerce.Providers.Inventory", "04.Providers\Clarity.Ecommerce.Providers.Inventory\Clarity.Ecommerce.Providers.Inventory.csproj", "{74E86EBE-204D-4867-971E-103BC2F13F7C}"
EndProject
Project("{9A19103F-16F7-4668-BE54-9A1E7A4F7556}") = "Clarity.Ecommerce.Providers.Memberships", "04.Providers\Clarity.Ecommerce.Providers.Memberships\Clarity.Ecommerce.Providers.Memberships.csproj", "{B137D152-BF78-4CE3-8E83-47120106FC93}"
EndProject
Project("{9A19103F-16F7-4668-BE54-9A1E7A4F7556}") = "Clarity.Ecommerce.Providers.Packaging", "04.Providers\Clarity.Ecommerce.Providers.Packaging\Clarity.Ecommerce.Providers.Packaging.csproj", "{813F3D68-B337-4A56-9D5F-61D9E47E99C7}"
EndProject
Project("{9A19103F-16F7-4668-BE54-9A1E7A4F7556}") = "Clarity.Ecommerce.Providers.Payments", "04.Providers\Clarity.Ecommerce.Providers.Payments\Clarity.Ecommerce.Providers.Payments.csproj", "{D53229C1-97A0-407A-AD86-EF8ABB80B419}"
EndProject
Project("{9A19103F-16F7-4668-BE54-9A1E7A4F7556}") = "Clarity.Ecommerce.Providers.Personalization", "04.Providers\Clarity.Ecommerce.Providers.Personalization\Clarity.Ecommerce.Providers.Personalization.csproj", "{A87CD3C8-3478-4FDF-89AD-F775B58AB24B}"
EndProject
Project("{9A19103F-16F7-4668-BE54-9A1E7A4F7556}") = "Clarity.Ecommerce.Providers.Pricing", "04.Providers\Clarity.Ecommerce.Providers.Pricing\Clarity.Ecommerce.Providers.Pricing.csproj", "{9555EDDB-0209-43B1-B203-A2FD4714DA51}"
EndProject
Project("{9A19103F-16F7-4668-BE54-9A1E7A4F7556}") = "Clarity.Ecommerce.Providers.Proxy", "04.Providers\Clarity.Ecommerce.Providers.Proxy\Clarity.Ecommerce.Providers.Proxy.csproj", "{C5144EF6-0B1D-45F2-AFB2-32C9344D62DF}"
EndProject
Project("{9A19103F-16F7-4668-BE54-9A1E7A4F7556}") = "Clarity.Ecommerce.Providers.SalesInvoiceHandlers", "04.Providers\Clarity.Ecommerce.Providers.SalesInvoiceHandlers\Clarity.Ecommerce.Providers.SalesInvoiceHandlers.csproj", "{016192BF-7BD2-4057-A5BB-96A089381FCF}"
EndProject
Project("{9A19103F-16F7-4668-BE54-9A1E7A4F7556}") = "Clarity.Ecommerce.Providers.SalesQuoteHandlers", "04.Providers\Clarity.Ecommerce.Providers.SalesQuoteHandlers\Clarity.Ecommerce.Providers.SalesQuoteHandlers.csproj", "{FA7A7786-D853-47DD-A57C-DAC85454FB18}"
EndProject
Project("{9A19103F-16F7-4668-BE54-9A1E7A4F7556}") = "Clarity.Ecommerce.Providers.SalesReturnHandlers", "04.Providers\Clarity.Ecommerce.Providers.SalesReturnHandlers\Clarity.Ecommerce.Providers.SalesReturnHandlers.csproj", "{57946D6C-D966-41D5-987D-B33984A53468}"
EndProject
Project("{9A19103F-16F7-4668-BE54-9A1E7A4F7556}") = "Clarity.Ecommerce.Providers.SampleRequestHandlers", "04.Providers\Clarity.Ecommerce.Providers.SampleRequestHandlers\Clarity.Ecommerce.Providers.SampleRequestHandlers.csproj", "{EAC66445-50B2-4BE8-995D-3FB4E59BA307}"
EndProject
Project("{9A19103F-16F7-4668-BE54-9A1E7A4F7556}") = "Clarity.Ecommerce.Providers.ScheduledTasks", "04.Providers\Clarity.Ecommerce.Providers.ScheduledTasks\Clarity.Ecommerce.Providers.ScheduledTasks.csproj", "{3384C342-B7A1-4027-A429-498D6FBFBAF0}"
EndProject
Project("{9A19103F-16F7-4668-BE54-9A1E7A4F7556}") = "Clarity.Ecommerce.Providers.Searching", "04.Providers\Clarity.Ecommerce.Providers.Searching\Clarity.Ecommerce.Providers.Searching.csproj", "{8CA79ACE-ACC2-445B-BB42-3E3DFE1062E8}"
EndProject
Project("{9A19103F-16F7-4668-BE54-9A1E7A4F7556}") = "Clarity.Ecommerce.Providers.Shipping", "04.Providers\Clarity.Ecommerce.Providers.Shipping\Clarity.Ecommerce.Providers.Shipping.csproj", "{19DD389E-3391-43F4-B286-FBFB0A0C5F34}"
EndProject
Project("{9A19103F-16F7-4668-BE54-9A1E7A4F7556}") = "Clarity.Ecommerce.Providers.Surcharges", "04.Providers\Clarity.Ecommerce.Providers.Surcharges\Clarity.Ecommerce.Providers.Surcharges.csproj", "{59B3CF8F-A6B7-4CD0-B6E2-E8BF8C6FB8C2}"
EndProject
Project("{9A19103F-16F7-4668-BE54-9A1E7A4F7556}") = "Clarity.Ecommerce.Providers.Taxes", "04.Providers\Clarity.Ecommerce.Providers.Taxes\Clarity.Ecommerce.Providers.Taxes.csproj", "{74E87FD1-1707-40A0-9BF1-7BBA0019B7A2}"
EndProject
Project("{9A19103F-16F7-4668-BE54-9A1E7A4F7556}") = "Clarity.Ecommerce.Providers.VinLookup", "04.Providers\Clarity.Ecommerce.Providers.VinLookup\Clarity.Ecommerce.Providers.VinLookup.csproj", "{33812BFB-5664-4941-AA53-727F4E93A8B6}"
EndProject
Project("{9A19103F-16F7-4668-BE54-9A1E7A4F7556}") = "Clarity.Ecommerce.Providers.Authentication", "04.Providers\ServiceStack.Authentication.AspNetIdentity\Clarity.Ecommerce.Providers.Authentication.csproj", "{97FF8A32-A0BC-40DA-94C0-0B2F854B2039}"
EndProject
Project("{2150E333-8FDC-42A3-9474-1A3956D46DE8}") = "05.BusinessLogic", "05.BusinessLogic", "{E024782A-BC37-4DD7-8AC9-8AFF90B709AC}"
EndProject
Project("{9A19103F-16F7-4668-BE54-9A1E7A4F7556}") = "05.Clarity.Ecommerce.Workflow", "05.BusinessLogic\05.Clarity.Ecommerce.Workflow\05.Clarity.Ecommerce.Workflow.csproj", "{FA143352-14D8-4360-AD49-3547203FCFCE}"
EndProject
Project("{2150E333-8FDC-42A3-9474-1A3956D46DE8}") = "06.Services", "06.Services", "{BB036C3D-7EDE-4776-95B8-1B0EE43721D8}"
	ProjectSection(SolutionItems) = preProject
		09.Overrides\Clarity.Clients.JBM\JBMCartItemWorkflow.cs = 09.Overrides\Clarity.Clients.JBM\JBMCartItemWorkflow.cs
	EndProjectSection
EndProject
Project("{FAE04EC0-301F-11D3-BF4B-00C04F79EFBC}") = "06.Clarity.Ecommerce.Service", "06.Services\06.Clarity.Ecommerce.Service\06.Clarity.Ecommerce.Service.csproj", "{BE57C4D4-9372-4DA8-B05D-BEE9C4B44F30}"
EndProject
Project("{9A19103F-16F7-4668-BE54-9A1E7A4F7556}") = "06.Clarity.Ecommerce.Service.Core", "06.Services\06.Clarity.Ecommerce.Service.Core\06.Clarity.Ecommerce.Service.Core.csproj", "{1A30CC61-7A08-43C9-974F-3524B31E7B87}"
EndProject
Project("{2150E333-8FDC-42A3-9474-1A3956D46DE8}") = "07.Portals", "07.Portals", "{7B327412-B5F8-4964-B81E-13857B6DB273}"
EndProject
Project("{9A19103F-16F7-4668-BE54-9A1E7A4F7556}") = "Admin.AngJS", "07.Portals\Admin\AngJS\Admin.AngJS.csproj", "{DBE572BA-EED8-4D16-997F-26C9FFCA04D9}"
EndProject
Project("{FAE04EC0-301F-11D3-BF4B-00C04F79EFBC}") = "Admin.Service", "07.Portals\Admin\Service\Admin.Service.csproj", "{51599944-F03E-49C9-BFCF-821DD8A5B97C}"
EndProject
Project("{FAE04EC0-301F-11D3-BF4B-00C04F79EFBC}") = "APIReference", "07.Portals\APIReference\APIReference\APIReference.csproj", "{8B0333E1-AB6E-489A-9AAB-69046D66993B}"
EndProject
Project("{FAE04EC0-301F-11D3-BF4B-00C04F79EFBC}") = "Scheduler", "07.Portals\Scheduler\Scheduler\Scheduler.csproj", "{B175E0C2-0497-4B6D-9585-6B1C630C70C1}"
EndProject
Project("{9A19103F-16F7-4668-BE54-9A1E7A4F7556}") = "Storefront.AngJS", "07.Portals\Storefront\AngJS\Storefront.AngJS.csproj", "{3F0F8C84-B572-4C8F-83B8-92F8EF5DF88C}"
EndProject
Project("{FAE04EC0-301F-11D3-BF4B-00C04F79EFBC}") = "Storefront.Service", "07.Portals\Storefront\Service\Storefront.Service.csproj", "{76C9D2DF-5608-474A-B794-04AAE7338308}"
EndProject
Project("{2150E333-8FDC-42A3-9474-1A3956D46DE8}") = "09.Overrides", "09.Overrides", "{31461A35-21AE-4C89-938B-5FCFEFA59763}"
EndProject
Project("{2150E333-8FDC-42A3-9474-1A3956D46DE8}") = "10.Testing", "10.Testing", "{D7CCEAD6-089D-46E2-8EA3-9F34783E0B50}"
EndProject
Project("{9A19103F-16F7-4668-BE54-9A1E7A4F7556}") = "10.Clarity.Ecommerce.Testing", "10.Testing\10.Clarity.Ecommerce.Testing\10.Clarity.Ecommerce.Testing.csproj", "{861FFA6C-9F42-47F4-A1EF-3E9B195E5C87}"
EndProject
Project("{2150E333-8FDC-42A3-9474-1A3956D46DE8}") = "11.T4", "11.T4", "{ACD5EB50-C2EB-41A8-8F02-0237457D01F4}"
EndProject
Project("{9A19103F-16F7-4668-BE54-9A1E7A4F7556}") = "11.T4.CodeGenerator", "11.T4\11.T4.CodeGenerator\11.T4.CodeGenerator.csproj", "{51C42A85-B933-4A12-AB7D-67BE4055A2F5}"
EndProject
Project("{9A19103F-16F7-4668-BE54-9A1E7A4F7556}") = "11.T4.ServiceStack.CodeGenerator.TypeScript", "11.T4\11.T4.ServiceStack.CodeGenerator.TypeScript\11.T4.ServiceStack.CodeGenerator.TypeScript.csproj", "{F6B88838-9DC6-4D02-96B4-60B9E4B3EC0D}"
EndProject
Project("{2150E333-8FDC-42A3-9474-1A3956D46DE8}") = "Solution Items", "Solution Items", "{BD6718FD-D9D2-4225-9B29-E71B1CDCD46E}"
	ProjectSection(SolutionItems) = preProject
		.editorconfig = .editorconfig
		.gitattributes = .gitattributes
		.gitignore = .gitignore
		Solution Items\appSettings.config = Solution Items\appSettings.config
		Solution Items\appSettings.ConnectionStrings.json = Solution Items\appSettings.ConnectionStrings.json
		build-solution.bat = build-solution.bat
		Solution Items\cef_gulp_config.json = Solution Items\cef_gulp_config.json
		Clarity.Ecommerce.All.sln.DotSettings = Clarity.Ecommerce.All.sln.DotSettings
		Solution Items\connectionStrings.config = Solution Items\connectionStrings.config
		Directory.Build.props = Directory.Build.props
		Directory.Build.targets = Directory.Build.targets
		Solution Items\functionalTests.runsettings = Solution Items\functionalTests.runsettings
		Solution Items\log4net.config = Solution Items\log4net.config
		Solution Items\mailSettings.config = Solution Items\mailSettings.config
		quick-setup.bat = quick-setup.bat
		Solution Items\rewrite.outboundRules.config = Solution Items\rewrite.outboundRules.config
		Solution Items\rewrite.rewriteMaps.config = Solution Items\rewrite.rewriteMaps.config
		Solution Items\rewrite.rules.config = Solution Items\rewrite.rules.config
		Settings.StyleCop = Settings.StyleCop
		stylecop.json = stylecop.json
	EndProjectSection
EndProject
Project("{9A19103F-16F7-4668-BE54-9A1E7A4F7556}") = "Clarity.Clients.JBM", "09.Overrides\Clarity.Clients.JBM\Clarity.Clients.JBM.csproj", "{0DA83E17-9179-4E0B-880D-E18ACF7ADCFB}"
EndProject
Global
	GlobalSection(SharedMSBuildProjectFiles) = preSolution
		01.DataAccessLayer\01.Clarity.Ecommerce.DataModel.Shared\01.Clarity.Ecommerce.DataModel.Shared.projitems*{43de0904-b73b-4893-a3f6-ec53a78b4635}*SharedItemsImports = 5
		01.DataAccessLayer\01.Clarity.Ecommerce.DataModel.Shared\01.Clarity.Ecommerce.DataModel.Shared.projitems*{99c7d311-7854-48a9-9670-fd4a49184b11}*SharedItemsImports = 13
	EndGlobalSection
	GlobalSection(SolutionConfigurationPlatforms) = preSolution
		Debug|Any CPU = Debug|Any CPU
		Debug|ARM = Debug|ARM
		Debug|x64 = Debug|x64
		Debug|x86 = Debug|x86
		Release|Any CPU = Release|Any CPU
		Release|ARM = Release|ARM
		Release|x64 = Release|x64
		Release|x86 = Release|x86
	EndGlobalSection
	GlobalSection(ProjectConfigurationPlatforms) = postSolution
		{C7250754-0453-49B4-9C61-408C6DA25DC4}.Debug|Any CPU.ActiveCfg = Debug|Any CPU
		{C7250754-0453-49B4-9C61-408C6DA25DC4}.Debug|Any CPU.Build.0 = Debug|Any CPU
		{C7250754-0453-49B4-9C61-408C6DA25DC4}.Debug|ARM.ActiveCfg = Debug|Any CPU
		{C7250754-0453-49B4-9C61-408C6DA25DC4}.Debug|ARM.Build.0 = Debug|Any CPU
		{C7250754-0453-49B4-9C61-408C6DA25DC4}.Debug|x64.ActiveCfg = Debug|Any CPU
		{C7250754-0453-49B4-9C61-408C6DA25DC4}.Debug|x64.Build.0 = Debug|Any CPU
		{C7250754-0453-49B4-9C61-408C6DA25DC4}.Debug|x86.ActiveCfg = Debug|Any CPU
		{C7250754-0453-49B4-9C61-408C6DA25DC4}.Debug|x86.Build.0 = Debug|Any CPU
		{C7250754-0453-49B4-9C61-408C6DA25DC4}.Release|Any CPU.ActiveCfg = Release|Any CPU
		{C7250754-0453-49B4-9C61-408C6DA25DC4}.Release|Any CPU.Build.0 = Release|Any CPU
		{C7250754-0453-49B4-9C61-408C6DA25DC4}.Release|ARM.ActiveCfg = Release|Any CPU
		{C7250754-0453-49B4-9C61-408C6DA25DC4}.Release|ARM.Build.0 = Release|Any CPU
		{C7250754-0453-49B4-9C61-408C6DA25DC4}.Release|x64.ActiveCfg = Release|Any CPU
		{C7250754-0453-49B4-9C61-408C6DA25DC4}.Release|x64.Build.0 = Release|Any CPU
		{C7250754-0453-49B4-9C61-408C6DA25DC4}.Release|x86.ActiveCfg = Release|Any CPU
		{C7250754-0453-49B4-9C61-408C6DA25DC4}.Release|x86.Build.0 = Release|Any CPU
		{4049DE6B-22F5-4D5F-87E6-C17C73D12D38}.Debug|Any CPU.ActiveCfg = Debug|Any CPU
		{4049DE6B-22F5-4D5F-87E6-C17C73D12D38}.Debug|Any CPU.Build.0 = Debug|Any CPU
		{4049DE6B-22F5-4D5F-87E6-C17C73D12D38}.Debug|ARM.ActiveCfg = Debug|Any CPU
		{4049DE6B-22F5-4D5F-87E6-C17C73D12D38}.Debug|ARM.Build.0 = Debug|Any CPU
		{4049DE6B-22F5-4D5F-87E6-C17C73D12D38}.Debug|x64.ActiveCfg = Debug|Any CPU
		{4049DE6B-22F5-4D5F-87E6-C17C73D12D38}.Debug|x64.Build.0 = Debug|Any CPU
		{4049DE6B-22F5-4D5F-87E6-C17C73D12D38}.Debug|x86.ActiveCfg = Debug|Any CPU
		{4049DE6B-22F5-4D5F-87E6-C17C73D12D38}.Debug|x86.Build.0 = Debug|Any CPU
		{4049DE6B-22F5-4D5F-87E6-C17C73D12D38}.Release|Any CPU.ActiveCfg = Release|Any CPU
		{4049DE6B-22F5-4D5F-87E6-C17C73D12D38}.Release|Any CPU.Build.0 = Release|Any CPU
		{4049DE6B-22F5-4D5F-87E6-C17C73D12D38}.Release|ARM.ActiveCfg = Release|Any CPU
		{4049DE6B-22F5-4D5F-87E6-C17C73D12D38}.Release|ARM.Build.0 = Release|Any CPU
		{4049DE6B-22F5-4D5F-87E6-C17C73D12D38}.Release|x64.ActiveCfg = Release|Any CPU
		{4049DE6B-22F5-4D5F-87E6-C17C73D12D38}.Release|x64.Build.0 = Release|Any CPU
		{4049DE6B-22F5-4D5F-87E6-C17C73D12D38}.Release|x86.ActiveCfg = Release|Any CPU
		{4049DE6B-22F5-4D5F-87E6-C17C73D12D38}.Release|x86.Build.0 = Release|Any CPU
		{57E8C6EA-ABC2-4775-9352-2DBA1F2F401C}.Debug|Any CPU.ActiveCfg = Debug|Any CPU
		{57E8C6EA-ABC2-4775-9352-2DBA1F2F401C}.Debug|Any CPU.Build.0 = Debug|Any CPU
		{57E8C6EA-ABC2-4775-9352-2DBA1F2F401C}.Debug|ARM.ActiveCfg = Debug|Any CPU
		{57E8C6EA-ABC2-4775-9352-2DBA1F2F401C}.Debug|ARM.Build.0 = Debug|Any CPU
		{57E8C6EA-ABC2-4775-9352-2DBA1F2F401C}.Debug|x64.ActiveCfg = Debug|Any CPU
		{57E8C6EA-ABC2-4775-9352-2DBA1F2F401C}.Debug|x64.Build.0 = Debug|Any CPU
		{57E8C6EA-ABC2-4775-9352-2DBA1F2F401C}.Debug|x86.ActiveCfg = Debug|Any CPU
		{57E8C6EA-ABC2-4775-9352-2DBA1F2F401C}.Debug|x86.Build.0 = Debug|Any CPU
		{57E8C6EA-ABC2-4775-9352-2DBA1F2F401C}.Release|Any CPU.ActiveCfg = Release|Any CPU
		{57E8C6EA-ABC2-4775-9352-2DBA1F2F401C}.Release|Any CPU.Build.0 = Release|Any CPU
		{57E8C6EA-ABC2-4775-9352-2DBA1F2F401C}.Release|ARM.ActiveCfg = Release|Any CPU
		{57E8C6EA-ABC2-4775-9352-2DBA1F2F401C}.Release|ARM.Build.0 = Release|Any CPU
		{57E8C6EA-ABC2-4775-9352-2DBA1F2F401C}.Release|x64.ActiveCfg = Release|Any CPU
		{57E8C6EA-ABC2-4775-9352-2DBA1F2F401C}.Release|x64.Build.0 = Release|Any CPU
		{57E8C6EA-ABC2-4775-9352-2DBA1F2F401C}.Release|x86.ActiveCfg = Release|Any CPU
		{57E8C6EA-ABC2-4775-9352-2DBA1F2F401C}.Release|x86.Build.0 = Release|Any CPU
		{47B9BBAF-4668-4B6F-953E-CAE1C7AB3935}.Debug|Any CPU.ActiveCfg = Debug|Any CPU
		{47B9BBAF-4668-4B6F-953E-CAE1C7AB3935}.Debug|Any CPU.Build.0 = Debug|Any CPU
		{47B9BBAF-4668-4B6F-953E-CAE1C7AB3935}.Debug|ARM.ActiveCfg = Debug|Any CPU
		{47B9BBAF-4668-4B6F-953E-CAE1C7AB3935}.Debug|ARM.Build.0 = Debug|Any CPU
		{47B9BBAF-4668-4B6F-953E-CAE1C7AB3935}.Debug|x64.ActiveCfg = Debug|Any CPU
		{47B9BBAF-4668-4B6F-953E-CAE1C7AB3935}.Debug|x64.Build.0 = Debug|Any CPU
		{47B9BBAF-4668-4B6F-953E-CAE1C7AB3935}.Debug|x86.ActiveCfg = Debug|Any CPU
		{47B9BBAF-4668-4B6F-953E-CAE1C7AB3935}.Debug|x86.Build.0 = Debug|Any CPU
		{47B9BBAF-4668-4B6F-953E-CAE1C7AB3935}.Release|Any CPU.ActiveCfg = Release|Any CPU
		{47B9BBAF-4668-4B6F-953E-CAE1C7AB3935}.Release|Any CPU.Build.0 = Release|Any CPU
		{47B9BBAF-4668-4B6F-953E-CAE1C7AB3935}.Release|ARM.ActiveCfg = Release|Any CPU
		{47B9BBAF-4668-4B6F-953E-CAE1C7AB3935}.Release|ARM.Build.0 = Release|Any CPU
		{47B9BBAF-4668-4B6F-953E-CAE1C7AB3935}.Release|x64.ActiveCfg = Release|Any CPU
		{47B9BBAF-4668-4B6F-953E-CAE1C7AB3935}.Release|x64.Build.0 = Release|Any CPU
		{47B9BBAF-4668-4B6F-953E-CAE1C7AB3935}.Release|x86.ActiveCfg = Release|Any CPU
		{47B9BBAF-4668-4B6F-953E-CAE1C7AB3935}.Release|x86.Build.0 = Release|Any CPU
		{43DE0904-B73B-4893-A3F6-EC53A78B4635}.Debug|Any CPU.ActiveCfg = Debug|Any CPU
		{43DE0904-B73B-4893-A3F6-EC53A78B4635}.Debug|Any CPU.Build.0 = Debug|Any CPU
		{43DE0904-B73B-4893-A3F6-EC53A78B4635}.Debug|ARM.ActiveCfg = Debug|Any CPU
		{43DE0904-B73B-4893-A3F6-EC53A78B4635}.Debug|x64.ActiveCfg = Debug|Any CPU
		{43DE0904-B73B-4893-A3F6-EC53A78B4635}.Debug|x86.ActiveCfg = Debug|Any CPU
		{43DE0904-B73B-4893-A3F6-EC53A78B4635}.Release|Any CPU.ActiveCfg = Release|Any CPU
		{43DE0904-B73B-4893-A3F6-EC53A78B4635}.Release|Any CPU.Build.0 = Release|Any CPU
		{43DE0904-B73B-4893-A3F6-EC53A78B4635}.Release|ARM.ActiveCfg = Release|Any CPU
		{43DE0904-B73B-4893-A3F6-EC53A78B4635}.Release|ARM.Build.0 = Release|Any CPU
		{43DE0904-B73B-4893-A3F6-EC53A78B4635}.Release|x64.ActiveCfg = Release|Any CPU
		{43DE0904-B73B-4893-A3F6-EC53A78B4635}.Release|x64.Build.0 = Release|Any CPU
		{43DE0904-B73B-4893-A3F6-EC53A78B4635}.Release|x86.ActiveCfg = Release|Any CPU
		{43DE0904-B73B-4893-A3F6-EC53A78B4635}.Release|x86.Build.0 = Release|Any CPU
		{84670384-4810-4082-911B-0BB47958EECD}.Debug|Any CPU.ActiveCfg = Debug|Any CPU
		{84670384-4810-4082-911B-0BB47958EECD}.Debug|Any CPU.Build.0 = Debug|Any CPU
		{84670384-4810-4082-911B-0BB47958EECD}.Debug|ARM.ActiveCfg = Debug|Any CPU
		{84670384-4810-4082-911B-0BB47958EECD}.Debug|ARM.Build.0 = Debug|Any CPU
		{84670384-4810-4082-911B-0BB47958EECD}.Debug|x64.ActiveCfg = Debug|Any CPU
		{84670384-4810-4082-911B-0BB47958EECD}.Debug|x64.Build.0 = Debug|Any CPU
		{84670384-4810-4082-911B-0BB47958EECD}.Debug|x86.ActiveCfg = Debug|Any CPU
		{84670384-4810-4082-911B-0BB47958EECD}.Debug|x86.Build.0 = Debug|Any CPU
		{84670384-4810-4082-911B-0BB47958EECD}.Release|Any CPU.ActiveCfg = Release|Any CPU
		{84670384-4810-4082-911B-0BB47958EECD}.Release|Any CPU.Build.0 = Release|Any CPU
		{84670384-4810-4082-911B-0BB47958EECD}.Release|ARM.ActiveCfg = Release|Any CPU
		{84670384-4810-4082-911B-0BB47958EECD}.Release|ARM.Build.0 = Release|Any CPU
		{84670384-4810-4082-911B-0BB47958EECD}.Release|x64.ActiveCfg = Release|Any CPU
		{84670384-4810-4082-911B-0BB47958EECD}.Release|x64.Build.0 = Release|Any CPU
		{84670384-4810-4082-911B-0BB47958EECD}.Release|x86.ActiveCfg = Release|Any CPU
		{84670384-4810-4082-911B-0BB47958EECD}.Release|x86.Build.0 = Release|Any CPU
		{D2DC6CEB-1C99-430C-A124-E7555654F368}.Debug|Any CPU.ActiveCfg = Debug|Any CPU
		{D2DC6CEB-1C99-430C-A124-E7555654F368}.Debug|Any CPU.Build.0 = Debug|Any CPU
		{D2DC6CEB-1C99-430C-A124-E7555654F368}.Debug|ARM.ActiveCfg = Debug|Any CPU
		{D2DC6CEB-1C99-430C-A124-E7555654F368}.Debug|ARM.Build.0 = Debug|Any CPU
		{D2DC6CEB-1C99-430C-A124-E7555654F368}.Debug|x64.ActiveCfg = Debug|Any CPU
		{D2DC6CEB-1C99-430C-A124-E7555654F368}.Debug|x64.Build.0 = Debug|Any CPU
		{D2DC6CEB-1C99-430C-A124-E7555654F368}.Debug|x86.ActiveCfg = Debug|Any CPU
		{D2DC6CEB-1C99-430C-A124-E7555654F368}.Debug|x86.Build.0 = Debug|Any CPU
		{D2DC6CEB-1C99-430C-A124-E7555654F368}.Release|Any CPU.ActiveCfg = Release|Any CPU
		{D2DC6CEB-1C99-430C-A124-E7555654F368}.Release|Any CPU.Build.0 = Release|Any CPU
		{D2DC6CEB-1C99-430C-A124-E7555654F368}.Release|ARM.ActiveCfg = Release|Any CPU
		{D2DC6CEB-1C99-430C-A124-E7555654F368}.Release|ARM.Build.0 = Release|Any CPU
		{D2DC6CEB-1C99-430C-A124-E7555654F368}.Release|x64.ActiveCfg = Release|Any CPU
		{D2DC6CEB-1C99-430C-A124-E7555654F368}.Release|x64.Build.0 = Release|Any CPU
		{D2DC6CEB-1C99-430C-A124-E7555654F368}.Release|x86.ActiveCfg = Release|Any CPU
		{D2DC6CEB-1C99-430C-A124-E7555654F368}.Release|x86.Build.0 = Release|Any CPU
		{6B148AC1-F2F2-4AEB-AA0A-99F9B575CFCB}.Debug|Any CPU.ActiveCfg = Debug|Any CPU
		{6B148AC1-F2F2-4AEB-AA0A-99F9B575CFCB}.Debug|Any CPU.Build.0 = Debug|Any CPU
		{6B148AC1-F2F2-4AEB-AA0A-99F9B575CFCB}.Debug|ARM.ActiveCfg = Debug|Any CPU
		{6B148AC1-F2F2-4AEB-AA0A-99F9B575CFCB}.Debug|ARM.Build.0 = Debug|Any CPU
		{6B148AC1-F2F2-4AEB-AA0A-99F9B575CFCB}.Debug|x64.ActiveCfg = Debug|Any CPU
		{6B148AC1-F2F2-4AEB-AA0A-99F9B575CFCB}.Debug|x64.Build.0 = Debug|Any CPU
		{6B148AC1-F2F2-4AEB-AA0A-99F9B575CFCB}.Debug|x86.ActiveCfg = Debug|Any CPU
		{6B148AC1-F2F2-4AEB-AA0A-99F9B575CFCB}.Debug|x86.Build.0 = Debug|Any CPU
		{6B148AC1-F2F2-4AEB-AA0A-99F9B575CFCB}.Release|Any CPU.ActiveCfg = Release|Any CPU
		{6B148AC1-F2F2-4AEB-AA0A-99F9B575CFCB}.Release|Any CPU.Build.0 = Release|Any CPU
		{6B148AC1-F2F2-4AEB-AA0A-99F9B575CFCB}.Release|ARM.ActiveCfg = Release|Any CPU
		{6B148AC1-F2F2-4AEB-AA0A-99F9B575CFCB}.Release|ARM.Build.0 = Release|Any CPU
		{6B148AC1-F2F2-4AEB-AA0A-99F9B575CFCB}.Release|x64.ActiveCfg = Release|Any CPU
		{6B148AC1-F2F2-4AEB-AA0A-99F9B575CFCB}.Release|x64.Build.0 = Release|Any CPU
		{6B148AC1-F2F2-4AEB-AA0A-99F9B575CFCB}.Release|x86.ActiveCfg = Release|Any CPU
		{6B148AC1-F2F2-4AEB-AA0A-99F9B575CFCB}.Release|x86.Build.0 = Release|Any CPU
		{EE6D2B76-FB73-4642-A74A-38289C32AA1D}.Debug|Any CPU.ActiveCfg = Debug|Any CPU
		{EE6D2B76-FB73-4642-A74A-38289C32AA1D}.Debug|Any CPU.Build.0 = Debug|Any CPU
		{EE6D2B76-FB73-4642-A74A-38289C32AA1D}.Debug|ARM.ActiveCfg = Debug|Any CPU
		{EE6D2B76-FB73-4642-A74A-38289C32AA1D}.Debug|ARM.Build.0 = Debug|Any CPU
		{EE6D2B76-FB73-4642-A74A-38289C32AA1D}.Debug|x64.ActiveCfg = Debug|Any CPU
		{EE6D2B76-FB73-4642-A74A-38289C32AA1D}.Debug|x64.Build.0 = Debug|Any CPU
		{EE6D2B76-FB73-4642-A74A-38289C32AA1D}.Debug|x86.ActiveCfg = Debug|Any CPU
		{EE6D2B76-FB73-4642-A74A-38289C32AA1D}.Debug|x86.Build.0 = Debug|Any CPU
		{EE6D2B76-FB73-4642-A74A-38289C32AA1D}.Release|Any CPU.ActiveCfg = Release|Any CPU
		{EE6D2B76-FB73-4642-A74A-38289C32AA1D}.Release|Any CPU.Build.0 = Release|Any CPU
		{EE6D2B76-FB73-4642-A74A-38289C32AA1D}.Release|ARM.ActiveCfg = Release|Any CPU
		{EE6D2B76-FB73-4642-A74A-38289C32AA1D}.Release|ARM.Build.0 = Release|Any CPU
		{EE6D2B76-FB73-4642-A74A-38289C32AA1D}.Release|x64.ActiveCfg = Release|Any CPU
		{EE6D2B76-FB73-4642-A74A-38289C32AA1D}.Release|x64.Build.0 = Release|Any CPU
		{EE6D2B76-FB73-4642-A74A-38289C32AA1D}.Release|x86.ActiveCfg = Release|Any CPU
		{EE6D2B76-FB73-4642-A74A-38289C32AA1D}.Release|x86.Build.0 = Release|Any CPU
		{E775460A-62B1-4868-823E-F2E28215E07A}.Debug|Any CPU.ActiveCfg = Debug|Any CPU
		{E775460A-62B1-4868-823E-F2E28215E07A}.Debug|Any CPU.Build.0 = Debug|Any CPU
		{E775460A-62B1-4868-823E-F2E28215E07A}.Debug|ARM.ActiveCfg = Debug|Any CPU
		{E775460A-62B1-4868-823E-F2E28215E07A}.Debug|ARM.Build.0 = Debug|Any CPU
		{E775460A-62B1-4868-823E-F2E28215E07A}.Debug|x64.ActiveCfg = Debug|Any CPU
		{E775460A-62B1-4868-823E-F2E28215E07A}.Debug|x64.Build.0 = Debug|Any CPU
		{E775460A-62B1-4868-823E-F2E28215E07A}.Debug|x86.ActiveCfg = Debug|Any CPU
		{E775460A-62B1-4868-823E-F2E28215E07A}.Debug|x86.Build.0 = Debug|Any CPU
		{E775460A-62B1-4868-823E-F2E28215E07A}.Release|Any CPU.ActiveCfg = Release|Any CPU
		{E775460A-62B1-4868-823E-F2E28215E07A}.Release|Any CPU.Build.0 = Release|Any CPU
		{E775460A-62B1-4868-823E-F2E28215E07A}.Release|ARM.ActiveCfg = Release|Any CPU
		{E775460A-62B1-4868-823E-F2E28215E07A}.Release|ARM.Build.0 = Release|Any CPU
		{E775460A-62B1-4868-823E-F2E28215E07A}.Release|x64.ActiveCfg = Release|Any CPU
		{E775460A-62B1-4868-823E-F2E28215E07A}.Release|x64.Build.0 = Release|Any CPU
		{E775460A-62B1-4868-823E-F2E28215E07A}.Release|x86.ActiveCfg = Release|Any CPU
		{E775460A-62B1-4868-823E-F2E28215E07A}.Release|x86.Build.0 = Release|Any CPU
		{82609FB5-F297-4814-9335-72DF33B0D1EB}.Debug|Any CPU.ActiveCfg = Debug|Any CPU
		{82609FB5-F297-4814-9335-72DF33B0D1EB}.Debug|Any CPU.Build.0 = Debug|Any CPU
		{82609FB5-F297-4814-9335-72DF33B0D1EB}.Debug|ARM.ActiveCfg = Debug|Any CPU
		{82609FB5-F297-4814-9335-72DF33B0D1EB}.Debug|ARM.Build.0 = Debug|Any CPU
		{82609FB5-F297-4814-9335-72DF33B0D1EB}.Debug|x64.ActiveCfg = Debug|Any CPU
		{82609FB5-F297-4814-9335-72DF33B0D1EB}.Debug|x64.Build.0 = Debug|Any CPU
		{82609FB5-F297-4814-9335-72DF33B0D1EB}.Debug|x86.ActiveCfg = Debug|Any CPU
		{82609FB5-F297-4814-9335-72DF33B0D1EB}.Debug|x86.Build.0 = Debug|Any CPU
		{82609FB5-F297-4814-9335-72DF33B0D1EB}.Release|Any CPU.ActiveCfg = Release|Any CPU
		{82609FB5-F297-4814-9335-72DF33B0D1EB}.Release|Any CPU.Build.0 = Release|Any CPU
		{82609FB5-F297-4814-9335-72DF33B0D1EB}.Release|ARM.ActiveCfg = Release|Any CPU
		{82609FB5-F297-4814-9335-72DF33B0D1EB}.Release|ARM.Build.0 = Release|Any CPU
		{82609FB5-F297-4814-9335-72DF33B0D1EB}.Release|x64.ActiveCfg = Release|Any CPU
		{82609FB5-F297-4814-9335-72DF33B0D1EB}.Release|x64.Build.0 = Release|Any CPU
		{82609FB5-F297-4814-9335-72DF33B0D1EB}.Release|x86.ActiveCfg = Release|Any CPU
		{82609FB5-F297-4814-9335-72DF33B0D1EB}.Release|x86.Build.0 = Release|Any CPU
		{362FA967-972F-4BE7-B7EF-64A43D708BB7}.Debug|Any CPU.ActiveCfg = Debug|Any CPU
		{362FA967-972F-4BE7-B7EF-64A43D708BB7}.Debug|Any CPU.Build.0 = Debug|Any CPU
		{362FA967-972F-4BE7-B7EF-64A43D708BB7}.Debug|ARM.ActiveCfg = Debug|Any CPU
		{362FA967-972F-4BE7-B7EF-64A43D708BB7}.Debug|ARM.Build.0 = Debug|Any CPU
		{362FA967-972F-4BE7-B7EF-64A43D708BB7}.Debug|x64.ActiveCfg = Debug|Any CPU
		{362FA967-972F-4BE7-B7EF-64A43D708BB7}.Debug|x64.Build.0 = Debug|Any CPU
		{362FA967-972F-4BE7-B7EF-64A43D708BB7}.Debug|x86.ActiveCfg = Debug|Any CPU
		{362FA967-972F-4BE7-B7EF-64A43D708BB7}.Debug|x86.Build.0 = Debug|Any CPU
		{362FA967-972F-4BE7-B7EF-64A43D708BB7}.Release|Any CPU.ActiveCfg = Release|Any CPU
		{362FA967-972F-4BE7-B7EF-64A43D708BB7}.Release|Any CPU.Build.0 = Release|Any CPU
		{362FA967-972F-4BE7-B7EF-64A43D708BB7}.Release|ARM.ActiveCfg = Release|Any CPU
		{362FA967-972F-4BE7-B7EF-64A43D708BB7}.Release|ARM.Build.0 = Release|Any CPU
		{362FA967-972F-4BE7-B7EF-64A43D708BB7}.Release|x64.ActiveCfg = Release|Any CPU
		{362FA967-972F-4BE7-B7EF-64A43D708BB7}.Release|x64.Build.0 = Release|Any CPU
		{362FA967-972F-4BE7-B7EF-64A43D708BB7}.Release|x86.ActiveCfg = Release|Any CPU
		{362FA967-972F-4BE7-B7EF-64A43D708BB7}.Release|x86.Build.0 = Release|Any CPU
		{BD8A5C14-3828-4068-86AF-39726FA0E79B}.Debug|Any CPU.ActiveCfg = Debug|Any CPU
		{BD8A5C14-3828-4068-86AF-39726FA0E79B}.Debug|Any CPU.Build.0 = Debug|Any CPU
		{BD8A5C14-3828-4068-86AF-39726FA0E79B}.Debug|ARM.ActiveCfg = Debug|Any CPU
		{BD8A5C14-3828-4068-86AF-39726FA0E79B}.Debug|ARM.Build.0 = Debug|Any CPU
		{BD8A5C14-3828-4068-86AF-39726FA0E79B}.Debug|x64.ActiveCfg = Debug|Any CPU
		{BD8A5C14-3828-4068-86AF-39726FA0E79B}.Debug|x64.Build.0 = Debug|Any CPU
		{BD8A5C14-3828-4068-86AF-39726FA0E79B}.Debug|x86.ActiveCfg = Debug|Any CPU
		{BD8A5C14-3828-4068-86AF-39726FA0E79B}.Debug|x86.Build.0 = Debug|Any CPU
		{BD8A5C14-3828-4068-86AF-39726FA0E79B}.Release|Any CPU.ActiveCfg = Release|Any CPU
		{BD8A5C14-3828-4068-86AF-39726FA0E79B}.Release|Any CPU.Build.0 = Release|Any CPU
		{BD8A5C14-3828-4068-86AF-39726FA0E79B}.Release|ARM.ActiveCfg = Release|Any CPU
		{BD8A5C14-3828-4068-86AF-39726FA0E79B}.Release|ARM.Build.0 = Release|Any CPU
		{BD8A5C14-3828-4068-86AF-39726FA0E79B}.Release|x64.ActiveCfg = Release|Any CPU
		{BD8A5C14-3828-4068-86AF-39726FA0E79B}.Release|x64.Build.0 = Release|Any CPU
		{BD8A5C14-3828-4068-86AF-39726FA0E79B}.Release|x86.ActiveCfg = Release|Any CPU
		{BD8A5C14-3828-4068-86AF-39726FA0E79B}.Release|x86.Build.0 = Release|Any CPU
		{7091FF4E-BEE9-4196-A6E4-30EC8C9F109A}.Debug|Any CPU.ActiveCfg = Debug|Any CPU
		{7091FF4E-BEE9-4196-A6E4-30EC8C9F109A}.Debug|Any CPU.Build.0 = Debug|Any CPU
		{7091FF4E-BEE9-4196-A6E4-30EC8C9F109A}.Debug|ARM.ActiveCfg = Debug|Any CPU
		{7091FF4E-BEE9-4196-A6E4-30EC8C9F109A}.Debug|ARM.Build.0 = Debug|Any CPU
		{7091FF4E-BEE9-4196-A6E4-30EC8C9F109A}.Debug|x64.ActiveCfg = Debug|Any CPU
		{7091FF4E-BEE9-4196-A6E4-30EC8C9F109A}.Debug|x64.Build.0 = Debug|Any CPU
		{7091FF4E-BEE9-4196-A6E4-30EC8C9F109A}.Debug|x86.ActiveCfg = Debug|Any CPU
		{7091FF4E-BEE9-4196-A6E4-30EC8C9F109A}.Debug|x86.Build.0 = Debug|Any CPU
		{7091FF4E-BEE9-4196-A6E4-30EC8C9F109A}.Release|Any CPU.ActiveCfg = Release|Any CPU
		{7091FF4E-BEE9-4196-A6E4-30EC8C9F109A}.Release|Any CPU.Build.0 = Release|Any CPU
		{7091FF4E-BEE9-4196-A6E4-30EC8C9F109A}.Release|ARM.ActiveCfg = Release|Any CPU
		{7091FF4E-BEE9-4196-A6E4-30EC8C9F109A}.Release|ARM.Build.0 = Release|Any CPU
		{7091FF4E-BEE9-4196-A6E4-30EC8C9F109A}.Release|x64.ActiveCfg = Release|Any CPU
		{7091FF4E-BEE9-4196-A6E4-30EC8C9F109A}.Release|x64.Build.0 = Release|Any CPU
		{7091FF4E-BEE9-4196-A6E4-30EC8C9F109A}.Release|x86.ActiveCfg = Release|Any CPU
		{7091FF4E-BEE9-4196-A6E4-30EC8C9F109A}.Release|x86.Build.0 = Release|Any CPU
		{10C32A8B-DC84-4291-A6E9-26BE49F04259}.Debug|Any CPU.ActiveCfg = Debug|Any CPU
		{10C32A8B-DC84-4291-A6E9-26BE49F04259}.Debug|Any CPU.Build.0 = Debug|Any CPU
		{10C32A8B-DC84-4291-A6E9-26BE49F04259}.Debug|ARM.ActiveCfg = Debug|Any CPU
		{10C32A8B-DC84-4291-A6E9-26BE49F04259}.Debug|ARM.Build.0 = Debug|Any CPU
		{10C32A8B-DC84-4291-A6E9-26BE49F04259}.Debug|x64.ActiveCfg = Debug|Any CPU
		{10C32A8B-DC84-4291-A6E9-26BE49F04259}.Debug|x64.Build.0 = Debug|Any CPU
		{10C32A8B-DC84-4291-A6E9-26BE49F04259}.Debug|x86.ActiveCfg = Debug|Any CPU
		{10C32A8B-DC84-4291-A6E9-26BE49F04259}.Debug|x86.Build.0 = Debug|Any CPU
		{10C32A8B-DC84-4291-A6E9-26BE49F04259}.Release|Any CPU.ActiveCfg = Release|Any CPU
		{10C32A8B-DC84-4291-A6E9-26BE49F04259}.Release|Any CPU.Build.0 = Release|Any CPU
		{10C32A8B-DC84-4291-A6E9-26BE49F04259}.Release|ARM.ActiveCfg = Release|Any CPU
		{10C32A8B-DC84-4291-A6E9-26BE49F04259}.Release|ARM.Build.0 = Release|Any CPU
		{10C32A8B-DC84-4291-A6E9-26BE49F04259}.Release|x64.ActiveCfg = Release|Any CPU
		{10C32A8B-DC84-4291-A6E9-26BE49F04259}.Release|x64.Build.0 = Release|Any CPU
		{10C32A8B-DC84-4291-A6E9-26BE49F04259}.Release|x86.ActiveCfg = Release|Any CPU
		{10C32A8B-DC84-4291-A6E9-26BE49F04259}.Release|x86.Build.0 = Release|Any CPU
		{7F3BDC33-A467-47B1-8758-13E0E052BE0D}.Debug|Any CPU.ActiveCfg = Debug|Any CPU
		{7F3BDC33-A467-47B1-8758-13E0E052BE0D}.Debug|Any CPU.Build.0 = Debug|Any CPU
		{7F3BDC33-A467-47B1-8758-13E0E052BE0D}.Debug|ARM.ActiveCfg = Debug|Any CPU
		{7F3BDC33-A467-47B1-8758-13E0E052BE0D}.Debug|ARM.Build.0 = Debug|Any CPU
		{7F3BDC33-A467-47B1-8758-13E0E052BE0D}.Debug|x64.ActiveCfg = Debug|Any CPU
		{7F3BDC33-A467-47B1-8758-13E0E052BE0D}.Debug|x64.Build.0 = Debug|Any CPU
		{7F3BDC33-A467-47B1-8758-13E0E052BE0D}.Debug|x86.ActiveCfg = Debug|Any CPU
		{7F3BDC33-A467-47B1-8758-13E0E052BE0D}.Debug|x86.Build.0 = Debug|Any CPU
		{7F3BDC33-A467-47B1-8758-13E0E052BE0D}.Release|Any CPU.ActiveCfg = Release|Any CPU
		{7F3BDC33-A467-47B1-8758-13E0E052BE0D}.Release|Any CPU.Build.0 = Release|Any CPU
		{7F3BDC33-A467-47B1-8758-13E0E052BE0D}.Release|ARM.ActiveCfg = Release|Any CPU
		{7F3BDC33-A467-47B1-8758-13E0E052BE0D}.Release|ARM.Build.0 = Release|Any CPU
		{7F3BDC33-A467-47B1-8758-13E0E052BE0D}.Release|x64.ActiveCfg = Release|Any CPU
		{7F3BDC33-A467-47B1-8758-13E0E052BE0D}.Release|x64.Build.0 = Release|Any CPU
		{7F3BDC33-A467-47B1-8758-13E0E052BE0D}.Release|x86.ActiveCfg = Release|Any CPU
		{7F3BDC33-A467-47B1-8758-13E0E052BE0D}.Release|x86.Build.0 = Release|Any CPU
		{668B1ABB-F01F-499F-B8CF-42290C985022}.Debug|Any CPU.ActiveCfg = Debug|Any CPU
		{668B1ABB-F01F-499F-B8CF-42290C985022}.Debug|Any CPU.Build.0 = Debug|Any CPU
		{668B1ABB-F01F-499F-B8CF-42290C985022}.Debug|ARM.ActiveCfg = Debug|Any CPU
		{668B1ABB-F01F-499F-B8CF-42290C985022}.Debug|ARM.Build.0 = Debug|Any CPU
		{668B1ABB-F01F-499F-B8CF-42290C985022}.Debug|x64.ActiveCfg = Debug|Any CPU
		{668B1ABB-F01F-499F-B8CF-42290C985022}.Debug|x64.Build.0 = Debug|Any CPU
		{668B1ABB-F01F-499F-B8CF-42290C985022}.Debug|x86.ActiveCfg = Debug|Any CPU
		{668B1ABB-F01F-499F-B8CF-42290C985022}.Debug|x86.Build.0 = Debug|Any CPU
		{668B1ABB-F01F-499F-B8CF-42290C985022}.Release|Any CPU.ActiveCfg = Release|Any CPU
		{668B1ABB-F01F-499F-B8CF-42290C985022}.Release|Any CPU.Build.0 = Release|Any CPU
		{668B1ABB-F01F-499F-B8CF-42290C985022}.Release|ARM.ActiveCfg = Release|Any CPU
		{668B1ABB-F01F-499F-B8CF-42290C985022}.Release|ARM.Build.0 = Release|Any CPU
		{668B1ABB-F01F-499F-B8CF-42290C985022}.Release|x64.ActiveCfg = Release|Any CPU
		{668B1ABB-F01F-499F-B8CF-42290C985022}.Release|x64.Build.0 = Release|Any CPU
		{668B1ABB-F01F-499F-B8CF-42290C985022}.Release|x86.ActiveCfg = Release|Any CPU
		{668B1ABB-F01F-499F-B8CF-42290C985022}.Release|x86.Build.0 = Release|Any CPU
		{EFEF934C-E114-4007-AB38-BD4AAA63AF20}.Debug|Any CPU.ActiveCfg = Debug|Any CPU
		{EFEF934C-E114-4007-AB38-BD4AAA63AF20}.Debug|Any CPU.Build.0 = Debug|Any CPU
		{EFEF934C-E114-4007-AB38-BD4AAA63AF20}.Debug|ARM.ActiveCfg = Debug|Any CPU
		{EFEF934C-E114-4007-AB38-BD4AAA63AF20}.Debug|ARM.Build.0 = Debug|Any CPU
		{EFEF934C-E114-4007-AB38-BD4AAA63AF20}.Debug|x64.ActiveCfg = Debug|Any CPU
		{EFEF934C-E114-4007-AB38-BD4AAA63AF20}.Debug|x64.Build.0 = Debug|Any CPU
		{EFEF934C-E114-4007-AB38-BD4AAA63AF20}.Debug|x86.ActiveCfg = Debug|Any CPU
		{EFEF934C-E114-4007-AB38-BD4AAA63AF20}.Debug|x86.Build.0 = Debug|Any CPU
		{EFEF934C-E114-4007-AB38-BD4AAA63AF20}.Release|Any CPU.ActiveCfg = Release|Any CPU
		{EFEF934C-E114-4007-AB38-BD4AAA63AF20}.Release|Any CPU.Build.0 = Release|Any CPU
		{EFEF934C-E114-4007-AB38-BD4AAA63AF20}.Release|ARM.ActiveCfg = Release|Any CPU
		{EFEF934C-E114-4007-AB38-BD4AAA63AF20}.Release|ARM.Build.0 = Release|Any CPU
		{EFEF934C-E114-4007-AB38-BD4AAA63AF20}.Release|x64.ActiveCfg = Release|Any CPU
		{EFEF934C-E114-4007-AB38-BD4AAA63AF20}.Release|x64.Build.0 = Release|Any CPU
		{EFEF934C-E114-4007-AB38-BD4AAA63AF20}.Release|x86.ActiveCfg = Release|Any CPU
		{EFEF934C-E114-4007-AB38-BD4AAA63AF20}.Release|x86.Build.0 = Release|Any CPU
		{D855A131-6215-46F6-8104-2F04E311DB3D}.Debug|Any CPU.ActiveCfg = Debug|Any CPU
		{D855A131-6215-46F6-8104-2F04E311DB3D}.Debug|Any CPU.Build.0 = Debug|Any CPU
		{D855A131-6215-46F6-8104-2F04E311DB3D}.Debug|ARM.ActiveCfg = Debug|Any CPU
		{D855A131-6215-46F6-8104-2F04E311DB3D}.Debug|ARM.Build.0 = Debug|Any CPU
		{D855A131-6215-46F6-8104-2F04E311DB3D}.Debug|x64.ActiveCfg = Debug|Any CPU
		{D855A131-6215-46F6-8104-2F04E311DB3D}.Debug|x64.Build.0 = Debug|Any CPU
		{D855A131-6215-46F6-8104-2F04E311DB3D}.Debug|x86.ActiveCfg = Debug|Any CPU
		{D855A131-6215-46F6-8104-2F04E311DB3D}.Debug|x86.Build.0 = Debug|Any CPU
		{D855A131-6215-46F6-8104-2F04E311DB3D}.Release|Any CPU.ActiveCfg = Release|Any CPU
		{D855A131-6215-46F6-8104-2F04E311DB3D}.Release|Any CPU.Build.0 = Release|Any CPU
		{D855A131-6215-46F6-8104-2F04E311DB3D}.Release|ARM.ActiveCfg = Release|Any CPU
		{D855A131-6215-46F6-8104-2F04E311DB3D}.Release|ARM.Build.0 = Release|Any CPU
		{D855A131-6215-46F6-8104-2F04E311DB3D}.Release|x64.ActiveCfg = Release|Any CPU
		{D855A131-6215-46F6-8104-2F04E311DB3D}.Release|x64.Build.0 = Release|Any CPU
		{D855A131-6215-46F6-8104-2F04E311DB3D}.Release|x86.ActiveCfg = Release|Any CPU
		{D855A131-6215-46F6-8104-2F04E311DB3D}.Release|x86.Build.0 = Release|Any CPU
		{6873F4F1-499D-405E-9A3B-061A88190C4C}.Debug|Any CPU.ActiveCfg = Debug|Any CPU
		{6873F4F1-499D-405E-9A3B-061A88190C4C}.Debug|Any CPU.Build.0 = Debug|Any CPU
		{6873F4F1-499D-405E-9A3B-061A88190C4C}.Debug|ARM.ActiveCfg = Debug|Any CPU
		{6873F4F1-499D-405E-9A3B-061A88190C4C}.Debug|ARM.Build.0 = Debug|Any CPU
		{6873F4F1-499D-405E-9A3B-061A88190C4C}.Debug|x64.ActiveCfg = Debug|Any CPU
		{6873F4F1-499D-405E-9A3B-061A88190C4C}.Debug|x64.Build.0 = Debug|Any CPU
		{6873F4F1-499D-405E-9A3B-061A88190C4C}.Debug|x86.ActiveCfg = Debug|Any CPU
		{6873F4F1-499D-405E-9A3B-061A88190C4C}.Debug|x86.Build.0 = Debug|Any CPU
		{6873F4F1-499D-405E-9A3B-061A88190C4C}.Release|Any CPU.ActiveCfg = Release|Any CPU
		{6873F4F1-499D-405E-9A3B-061A88190C4C}.Release|Any CPU.Build.0 = Release|Any CPU
		{6873F4F1-499D-405E-9A3B-061A88190C4C}.Release|ARM.ActiveCfg = Release|Any CPU
		{6873F4F1-499D-405E-9A3B-061A88190C4C}.Release|ARM.Build.0 = Release|Any CPU
		{6873F4F1-499D-405E-9A3B-061A88190C4C}.Release|x64.ActiveCfg = Release|Any CPU
		{6873F4F1-499D-405E-9A3B-061A88190C4C}.Release|x64.Build.0 = Release|Any CPU
		{6873F4F1-499D-405E-9A3B-061A88190C4C}.Release|x86.ActiveCfg = Release|Any CPU
		{6873F4F1-499D-405E-9A3B-061A88190C4C}.Release|x86.Build.0 = Release|Any CPU
		{74E86EBE-204D-4867-971E-103BC2F13F7C}.Debug|Any CPU.ActiveCfg = Debug|Any CPU
		{74E86EBE-204D-4867-971E-103BC2F13F7C}.Debug|Any CPU.Build.0 = Debug|Any CPU
		{74E86EBE-204D-4867-971E-103BC2F13F7C}.Debug|ARM.ActiveCfg = Debug|Any CPU
		{74E86EBE-204D-4867-971E-103BC2F13F7C}.Debug|ARM.Build.0 = Debug|Any CPU
		{74E86EBE-204D-4867-971E-103BC2F13F7C}.Debug|x64.ActiveCfg = Debug|Any CPU
		{74E86EBE-204D-4867-971E-103BC2F13F7C}.Debug|x64.Build.0 = Debug|Any CPU
		{74E86EBE-204D-4867-971E-103BC2F13F7C}.Debug|x86.ActiveCfg = Debug|Any CPU
		{74E86EBE-204D-4867-971E-103BC2F13F7C}.Debug|x86.Build.0 = Debug|Any CPU
		{74E86EBE-204D-4867-971E-103BC2F13F7C}.Release|Any CPU.ActiveCfg = Release|Any CPU
		{74E86EBE-204D-4867-971E-103BC2F13F7C}.Release|Any CPU.Build.0 = Release|Any CPU
		{74E86EBE-204D-4867-971E-103BC2F13F7C}.Release|ARM.ActiveCfg = Release|Any CPU
		{74E86EBE-204D-4867-971E-103BC2F13F7C}.Release|ARM.Build.0 = Release|Any CPU
		{74E86EBE-204D-4867-971E-103BC2F13F7C}.Release|x64.ActiveCfg = Release|Any CPU
		{74E86EBE-204D-4867-971E-103BC2F13F7C}.Release|x64.Build.0 = Release|Any CPU
		{74E86EBE-204D-4867-971E-103BC2F13F7C}.Release|x86.ActiveCfg = Release|Any CPU
		{74E86EBE-204D-4867-971E-103BC2F13F7C}.Release|x86.Build.0 = Release|Any CPU
		{B137D152-BF78-4CE3-8E83-47120106FC93}.Debug|Any CPU.ActiveCfg = Debug|Any CPU
		{B137D152-BF78-4CE3-8E83-47120106FC93}.Debug|Any CPU.Build.0 = Debug|Any CPU
		{B137D152-BF78-4CE3-8E83-47120106FC93}.Debug|ARM.ActiveCfg = Debug|Any CPU
		{B137D152-BF78-4CE3-8E83-47120106FC93}.Debug|ARM.Build.0 = Debug|Any CPU
		{B137D152-BF78-4CE3-8E83-47120106FC93}.Debug|x64.ActiveCfg = Debug|Any CPU
		{B137D152-BF78-4CE3-8E83-47120106FC93}.Debug|x64.Build.0 = Debug|Any CPU
		{B137D152-BF78-4CE3-8E83-47120106FC93}.Debug|x86.ActiveCfg = Debug|Any CPU
		{B137D152-BF78-4CE3-8E83-47120106FC93}.Debug|x86.Build.0 = Debug|Any CPU
		{B137D152-BF78-4CE3-8E83-47120106FC93}.Release|Any CPU.ActiveCfg = Release|Any CPU
		{B137D152-BF78-4CE3-8E83-47120106FC93}.Release|Any CPU.Build.0 = Release|Any CPU
		{B137D152-BF78-4CE3-8E83-47120106FC93}.Release|ARM.ActiveCfg = Release|Any CPU
		{B137D152-BF78-4CE3-8E83-47120106FC93}.Release|ARM.Build.0 = Release|Any CPU
		{B137D152-BF78-4CE3-8E83-47120106FC93}.Release|x64.ActiveCfg = Release|Any CPU
		{B137D152-BF78-4CE3-8E83-47120106FC93}.Release|x64.Build.0 = Release|Any CPU
		{B137D152-BF78-4CE3-8E83-47120106FC93}.Release|x86.ActiveCfg = Release|Any CPU
		{B137D152-BF78-4CE3-8E83-47120106FC93}.Release|x86.Build.0 = Release|Any CPU
		{813F3D68-B337-4A56-9D5F-61D9E47E99C7}.Debug|Any CPU.ActiveCfg = Debug|Any CPU
		{813F3D68-B337-4A56-9D5F-61D9E47E99C7}.Debug|Any CPU.Build.0 = Debug|Any CPU
		{813F3D68-B337-4A56-9D5F-61D9E47E99C7}.Debug|ARM.ActiveCfg = Debug|Any CPU
		{813F3D68-B337-4A56-9D5F-61D9E47E99C7}.Debug|ARM.Build.0 = Debug|Any CPU
		{813F3D68-B337-4A56-9D5F-61D9E47E99C7}.Debug|x64.ActiveCfg = Debug|Any CPU
		{813F3D68-B337-4A56-9D5F-61D9E47E99C7}.Debug|x64.Build.0 = Debug|Any CPU
		{813F3D68-B337-4A56-9D5F-61D9E47E99C7}.Debug|x86.ActiveCfg = Debug|Any CPU
		{813F3D68-B337-4A56-9D5F-61D9E47E99C7}.Debug|x86.Build.0 = Debug|Any CPU
		{813F3D68-B337-4A56-9D5F-61D9E47E99C7}.Release|Any CPU.ActiveCfg = Release|Any CPU
		{813F3D68-B337-4A56-9D5F-61D9E47E99C7}.Release|Any CPU.Build.0 = Release|Any CPU
		{813F3D68-B337-4A56-9D5F-61D9E47E99C7}.Release|ARM.ActiveCfg = Release|Any CPU
		{813F3D68-B337-4A56-9D5F-61D9E47E99C7}.Release|ARM.Build.0 = Release|Any CPU
		{813F3D68-B337-4A56-9D5F-61D9E47E99C7}.Release|x64.ActiveCfg = Release|Any CPU
		{813F3D68-B337-4A56-9D5F-61D9E47E99C7}.Release|x64.Build.0 = Release|Any CPU
		{813F3D68-B337-4A56-9D5F-61D9E47E99C7}.Release|x86.ActiveCfg = Release|Any CPU
		{813F3D68-B337-4A56-9D5F-61D9E47E99C7}.Release|x86.Build.0 = Release|Any CPU
		{D53229C1-97A0-407A-AD86-EF8ABB80B419}.Debug|Any CPU.ActiveCfg = Debug|Any CPU
		{D53229C1-97A0-407A-AD86-EF8ABB80B419}.Debug|Any CPU.Build.0 = Debug|Any CPU
		{D53229C1-97A0-407A-AD86-EF8ABB80B419}.Debug|ARM.ActiveCfg = Debug|Any CPU
		{D53229C1-97A0-407A-AD86-EF8ABB80B419}.Debug|ARM.Build.0 = Debug|Any CPU
		{D53229C1-97A0-407A-AD86-EF8ABB80B419}.Debug|x64.ActiveCfg = Debug|Any CPU
		{D53229C1-97A0-407A-AD86-EF8ABB80B419}.Debug|x64.Build.0 = Debug|Any CPU
		{D53229C1-97A0-407A-AD86-EF8ABB80B419}.Debug|x86.ActiveCfg = Debug|Any CPU
		{D53229C1-97A0-407A-AD86-EF8ABB80B419}.Debug|x86.Build.0 = Debug|Any CPU
		{D53229C1-97A0-407A-AD86-EF8ABB80B419}.Release|Any CPU.ActiveCfg = Release|Any CPU
		{D53229C1-97A0-407A-AD86-EF8ABB80B419}.Release|Any CPU.Build.0 = Release|Any CPU
		{D53229C1-97A0-407A-AD86-EF8ABB80B419}.Release|ARM.ActiveCfg = Release|Any CPU
		{D53229C1-97A0-407A-AD86-EF8ABB80B419}.Release|ARM.Build.0 = Release|Any CPU
		{D53229C1-97A0-407A-AD86-EF8ABB80B419}.Release|x64.ActiveCfg = Release|Any CPU
		{D53229C1-97A0-407A-AD86-EF8ABB80B419}.Release|x64.Build.0 = Release|Any CPU
		{D53229C1-97A0-407A-AD86-EF8ABB80B419}.Release|x86.ActiveCfg = Release|Any CPU
		{D53229C1-97A0-407A-AD86-EF8ABB80B419}.Release|x86.Build.0 = Release|Any CPU
		{A87CD3C8-3478-4FDF-89AD-F775B58AB24B}.Debug|Any CPU.ActiveCfg = Debug|Any CPU
		{A87CD3C8-3478-4FDF-89AD-F775B58AB24B}.Debug|Any CPU.Build.0 = Debug|Any CPU
		{A87CD3C8-3478-4FDF-89AD-F775B58AB24B}.Debug|ARM.ActiveCfg = Debug|Any CPU
		{A87CD3C8-3478-4FDF-89AD-F775B58AB24B}.Debug|ARM.Build.0 = Debug|Any CPU
		{A87CD3C8-3478-4FDF-89AD-F775B58AB24B}.Debug|x64.ActiveCfg = Debug|Any CPU
		{A87CD3C8-3478-4FDF-89AD-F775B58AB24B}.Debug|x64.Build.0 = Debug|Any CPU
		{A87CD3C8-3478-4FDF-89AD-F775B58AB24B}.Debug|x86.ActiveCfg = Debug|Any CPU
		{A87CD3C8-3478-4FDF-89AD-F775B58AB24B}.Debug|x86.Build.0 = Debug|Any CPU
		{A87CD3C8-3478-4FDF-89AD-F775B58AB24B}.Release|Any CPU.ActiveCfg = Release|Any CPU
		{A87CD3C8-3478-4FDF-89AD-F775B58AB24B}.Release|Any CPU.Build.0 = Release|Any CPU
		{A87CD3C8-3478-4FDF-89AD-F775B58AB24B}.Release|ARM.ActiveCfg = Release|Any CPU
		{A87CD3C8-3478-4FDF-89AD-F775B58AB24B}.Release|ARM.Build.0 = Release|Any CPU
		{A87CD3C8-3478-4FDF-89AD-F775B58AB24B}.Release|x64.ActiveCfg = Release|Any CPU
		{A87CD3C8-3478-4FDF-89AD-F775B58AB24B}.Release|x64.Build.0 = Release|Any CPU
		{A87CD3C8-3478-4FDF-89AD-F775B58AB24B}.Release|x86.ActiveCfg = Release|Any CPU
		{A87CD3C8-3478-4FDF-89AD-F775B58AB24B}.Release|x86.Build.0 = Release|Any CPU
		{9555EDDB-0209-43B1-B203-A2FD4714DA51}.Debug|Any CPU.ActiveCfg = Debug|Any CPU
		{9555EDDB-0209-43B1-B203-A2FD4714DA51}.Debug|Any CPU.Build.0 = Debug|Any CPU
		{9555EDDB-0209-43B1-B203-A2FD4714DA51}.Debug|ARM.ActiveCfg = Debug|Any CPU
		{9555EDDB-0209-43B1-B203-A2FD4714DA51}.Debug|ARM.Build.0 = Debug|Any CPU
		{9555EDDB-0209-43B1-B203-A2FD4714DA51}.Debug|x64.ActiveCfg = Debug|Any CPU
		{9555EDDB-0209-43B1-B203-A2FD4714DA51}.Debug|x64.Build.0 = Debug|Any CPU
		{9555EDDB-0209-43B1-B203-A2FD4714DA51}.Debug|x86.ActiveCfg = Debug|Any CPU
		{9555EDDB-0209-43B1-B203-A2FD4714DA51}.Debug|x86.Build.0 = Debug|Any CPU
		{9555EDDB-0209-43B1-B203-A2FD4714DA51}.Release|Any CPU.ActiveCfg = Release|Any CPU
		{9555EDDB-0209-43B1-B203-A2FD4714DA51}.Release|Any CPU.Build.0 = Release|Any CPU
		{9555EDDB-0209-43B1-B203-A2FD4714DA51}.Release|ARM.ActiveCfg = Release|Any CPU
		{9555EDDB-0209-43B1-B203-A2FD4714DA51}.Release|ARM.Build.0 = Release|Any CPU
		{9555EDDB-0209-43B1-B203-A2FD4714DA51}.Release|x64.ActiveCfg = Release|Any CPU
		{9555EDDB-0209-43B1-B203-A2FD4714DA51}.Release|x64.Build.0 = Release|Any CPU
		{9555EDDB-0209-43B1-B203-A2FD4714DA51}.Release|x86.ActiveCfg = Release|Any CPU
		{9555EDDB-0209-43B1-B203-A2FD4714DA51}.Release|x86.Build.0 = Release|Any CPU
		{C5144EF6-0B1D-45F2-AFB2-32C9344D62DF}.Debug|Any CPU.ActiveCfg = Debug|Any CPU
		{C5144EF6-0B1D-45F2-AFB2-32C9344D62DF}.Debug|Any CPU.Build.0 = Debug|Any CPU
		{C5144EF6-0B1D-45F2-AFB2-32C9344D62DF}.Debug|ARM.ActiveCfg = Debug|Any CPU
		{C5144EF6-0B1D-45F2-AFB2-32C9344D62DF}.Debug|ARM.Build.0 = Debug|Any CPU
		{C5144EF6-0B1D-45F2-AFB2-32C9344D62DF}.Debug|x64.ActiveCfg = Debug|Any CPU
		{C5144EF6-0B1D-45F2-AFB2-32C9344D62DF}.Debug|x64.Build.0 = Debug|Any CPU
		{C5144EF6-0B1D-45F2-AFB2-32C9344D62DF}.Debug|x86.ActiveCfg = Debug|Any CPU
		{C5144EF6-0B1D-45F2-AFB2-32C9344D62DF}.Debug|x86.Build.0 = Debug|Any CPU
		{C5144EF6-0B1D-45F2-AFB2-32C9344D62DF}.Release|Any CPU.ActiveCfg = Release|Any CPU
		{C5144EF6-0B1D-45F2-AFB2-32C9344D62DF}.Release|Any CPU.Build.0 = Release|Any CPU
		{C5144EF6-0B1D-45F2-AFB2-32C9344D62DF}.Release|ARM.ActiveCfg = Release|Any CPU
		{C5144EF6-0B1D-45F2-AFB2-32C9344D62DF}.Release|ARM.Build.0 = Release|Any CPU
		{C5144EF6-0B1D-45F2-AFB2-32C9344D62DF}.Release|x64.ActiveCfg = Release|Any CPU
		{C5144EF6-0B1D-45F2-AFB2-32C9344D62DF}.Release|x64.Build.0 = Release|Any CPU
		{C5144EF6-0B1D-45F2-AFB2-32C9344D62DF}.Release|x86.ActiveCfg = Release|Any CPU
		{C5144EF6-0B1D-45F2-AFB2-32C9344D62DF}.Release|x86.Build.0 = Release|Any CPU
		{016192BF-7BD2-4057-A5BB-96A089381FCF}.Debug|Any CPU.ActiveCfg = Debug|Any CPU
		{016192BF-7BD2-4057-A5BB-96A089381FCF}.Debug|Any CPU.Build.0 = Debug|Any CPU
		{016192BF-7BD2-4057-A5BB-96A089381FCF}.Debug|ARM.ActiveCfg = Debug|Any CPU
		{016192BF-7BD2-4057-A5BB-96A089381FCF}.Debug|ARM.Build.0 = Debug|Any CPU
		{016192BF-7BD2-4057-A5BB-96A089381FCF}.Debug|x64.ActiveCfg = Debug|Any CPU
		{016192BF-7BD2-4057-A5BB-96A089381FCF}.Debug|x64.Build.0 = Debug|Any CPU
		{016192BF-7BD2-4057-A5BB-96A089381FCF}.Debug|x86.ActiveCfg = Debug|Any CPU
		{016192BF-7BD2-4057-A5BB-96A089381FCF}.Debug|x86.Build.0 = Debug|Any CPU
		{016192BF-7BD2-4057-A5BB-96A089381FCF}.Release|Any CPU.ActiveCfg = Release|Any CPU
		{016192BF-7BD2-4057-A5BB-96A089381FCF}.Release|Any CPU.Build.0 = Release|Any CPU
		{016192BF-7BD2-4057-A5BB-96A089381FCF}.Release|ARM.ActiveCfg = Release|Any CPU
		{016192BF-7BD2-4057-A5BB-96A089381FCF}.Release|ARM.Build.0 = Release|Any CPU
		{016192BF-7BD2-4057-A5BB-96A089381FCF}.Release|x64.ActiveCfg = Release|Any CPU
		{016192BF-7BD2-4057-A5BB-96A089381FCF}.Release|x64.Build.0 = Release|Any CPU
		{016192BF-7BD2-4057-A5BB-96A089381FCF}.Release|x86.ActiveCfg = Release|Any CPU
		{016192BF-7BD2-4057-A5BB-96A089381FCF}.Release|x86.Build.0 = Release|Any CPU
		{FA7A7786-D853-47DD-A57C-DAC85454FB18}.Debug|Any CPU.ActiveCfg = Debug|Any CPU
		{FA7A7786-D853-47DD-A57C-DAC85454FB18}.Debug|Any CPU.Build.0 = Debug|Any CPU
		{FA7A7786-D853-47DD-A57C-DAC85454FB18}.Debug|ARM.ActiveCfg = Debug|Any CPU
		{FA7A7786-D853-47DD-A57C-DAC85454FB18}.Debug|ARM.Build.0 = Debug|Any CPU
		{FA7A7786-D853-47DD-A57C-DAC85454FB18}.Debug|x64.ActiveCfg = Debug|Any CPU
		{FA7A7786-D853-47DD-A57C-DAC85454FB18}.Debug|x64.Build.0 = Debug|Any CPU
		{FA7A7786-D853-47DD-A57C-DAC85454FB18}.Debug|x86.ActiveCfg = Debug|Any CPU
		{FA7A7786-D853-47DD-A57C-DAC85454FB18}.Debug|x86.Build.0 = Debug|Any CPU
		{FA7A7786-D853-47DD-A57C-DAC85454FB18}.Release|Any CPU.ActiveCfg = Release|Any CPU
		{FA7A7786-D853-47DD-A57C-DAC85454FB18}.Release|Any CPU.Build.0 = Release|Any CPU
		{FA7A7786-D853-47DD-A57C-DAC85454FB18}.Release|ARM.ActiveCfg = Release|Any CPU
		{FA7A7786-D853-47DD-A57C-DAC85454FB18}.Release|ARM.Build.0 = Release|Any CPU
		{FA7A7786-D853-47DD-A57C-DAC85454FB18}.Release|x64.ActiveCfg = Release|Any CPU
		{FA7A7786-D853-47DD-A57C-DAC85454FB18}.Release|x64.Build.0 = Release|Any CPU
		{FA7A7786-D853-47DD-A57C-DAC85454FB18}.Release|x86.ActiveCfg = Release|Any CPU
		{FA7A7786-D853-47DD-A57C-DAC85454FB18}.Release|x86.Build.0 = Release|Any CPU
		{57946D6C-D966-41D5-987D-B33984A53468}.Debug|Any CPU.ActiveCfg = Debug|Any CPU
		{57946D6C-D966-41D5-987D-B33984A53468}.Debug|Any CPU.Build.0 = Debug|Any CPU
		{57946D6C-D966-41D5-987D-B33984A53468}.Debug|ARM.ActiveCfg = Debug|Any CPU
		{57946D6C-D966-41D5-987D-B33984A53468}.Debug|ARM.Build.0 = Debug|Any CPU
		{57946D6C-D966-41D5-987D-B33984A53468}.Debug|x64.ActiveCfg = Debug|Any CPU
		{57946D6C-D966-41D5-987D-B33984A53468}.Debug|x64.Build.0 = Debug|Any CPU
		{57946D6C-D966-41D5-987D-B33984A53468}.Debug|x86.ActiveCfg = Debug|Any CPU
		{57946D6C-D966-41D5-987D-B33984A53468}.Debug|x86.Build.0 = Debug|Any CPU
		{57946D6C-D966-41D5-987D-B33984A53468}.Release|Any CPU.ActiveCfg = Release|Any CPU
		{57946D6C-D966-41D5-987D-B33984A53468}.Release|Any CPU.Build.0 = Release|Any CPU
		{57946D6C-D966-41D5-987D-B33984A53468}.Release|ARM.ActiveCfg = Release|Any CPU
		{57946D6C-D966-41D5-987D-B33984A53468}.Release|ARM.Build.0 = Release|Any CPU
		{57946D6C-D966-41D5-987D-B33984A53468}.Release|x64.ActiveCfg = Release|Any CPU
		{57946D6C-D966-41D5-987D-B33984A53468}.Release|x64.Build.0 = Release|Any CPU
		{57946D6C-D966-41D5-987D-B33984A53468}.Release|x86.ActiveCfg = Release|Any CPU
		{57946D6C-D966-41D5-987D-B33984A53468}.Release|x86.Build.0 = Release|Any CPU
		{EAC66445-50B2-4BE8-995D-3FB4E59BA307}.Debug|Any CPU.ActiveCfg = Debug|Any CPU
		{EAC66445-50B2-4BE8-995D-3FB4E59BA307}.Debug|Any CPU.Build.0 = Debug|Any CPU
		{EAC66445-50B2-4BE8-995D-3FB4E59BA307}.Debug|ARM.ActiveCfg = Debug|Any CPU
		{EAC66445-50B2-4BE8-995D-3FB4E59BA307}.Debug|ARM.Build.0 = Debug|Any CPU
		{EAC66445-50B2-4BE8-995D-3FB4E59BA307}.Debug|x64.ActiveCfg = Debug|Any CPU
		{EAC66445-50B2-4BE8-995D-3FB4E59BA307}.Debug|x64.Build.0 = Debug|Any CPU
		{EAC66445-50B2-4BE8-995D-3FB4E59BA307}.Debug|x86.ActiveCfg = Debug|Any CPU
		{EAC66445-50B2-4BE8-995D-3FB4E59BA307}.Debug|x86.Build.0 = Debug|Any CPU
		{EAC66445-50B2-4BE8-995D-3FB4E59BA307}.Release|Any CPU.ActiveCfg = Release|Any CPU
		{EAC66445-50B2-4BE8-995D-3FB4E59BA307}.Release|Any CPU.Build.0 = Release|Any CPU
		{EAC66445-50B2-4BE8-995D-3FB4E59BA307}.Release|ARM.ActiveCfg = Release|Any CPU
		{EAC66445-50B2-4BE8-995D-3FB4E59BA307}.Release|ARM.Build.0 = Release|Any CPU
		{EAC66445-50B2-4BE8-995D-3FB4E59BA307}.Release|x64.ActiveCfg = Release|Any CPU
		{EAC66445-50B2-4BE8-995D-3FB4E59BA307}.Release|x64.Build.0 = Release|Any CPU
		{EAC66445-50B2-4BE8-995D-3FB4E59BA307}.Release|x86.ActiveCfg = Release|Any CPU
		{EAC66445-50B2-4BE8-995D-3FB4E59BA307}.Release|x86.Build.0 = Release|Any CPU
		{3384C342-B7A1-4027-A429-498D6FBFBAF0}.Debug|Any CPU.ActiveCfg = Debug|Any CPU
		{3384C342-B7A1-4027-A429-498D6FBFBAF0}.Debug|Any CPU.Build.0 = Debug|Any CPU
		{3384C342-B7A1-4027-A429-498D6FBFBAF0}.Debug|ARM.ActiveCfg = Debug|Any CPU
		{3384C342-B7A1-4027-A429-498D6FBFBAF0}.Debug|ARM.Build.0 = Debug|Any CPU
		{3384C342-B7A1-4027-A429-498D6FBFBAF0}.Debug|x64.ActiveCfg = Debug|Any CPU
		{3384C342-B7A1-4027-A429-498D6FBFBAF0}.Debug|x64.Build.0 = Debug|Any CPU
		{3384C342-B7A1-4027-A429-498D6FBFBAF0}.Debug|x86.ActiveCfg = Debug|Any CPU
		{3384C342-B7A1-4027-A429-498D6FBFBAF0}.Debug|x86.Build.0 = Debug|Any CPU
		{3384C342-B7A1-4027-A429-498D6FBFBAF0}.Release|Any CPU.ActiveCfg = Release|Any CPU
		{3384C342-B7A1-4027-A429-498D6FBFBAF0}.Release|Any CPU.Build.0 = Release|Any CPU
		{3384C342-B7A1-4027-A429-498D6FBFBAF0}.Release|ARM.ActiveCfg = Release|Any CPU
		{3384C342-B7A1-4027-A429-498D6FBFBAF0}.Release|ARM.Build.0 = Release|Any CPU
		{3384C342-B7A1-4027-A429-498D6FBFBAF0}.Release|x64.ActiveCfg = Release|Any CPU
		{3384C342-B7A1-4027-A429-498D6FBFBAF0}.Release|x64.Build.0 = Release|Any CPU
		{3384C342-B7A1-4027-A429-498D6FBFBAF0}.Release|x86.ActiveCfg = Release|Any CPU
		{3384C342-B7A1-4027-A429-498D6FBFBAF0}.Release|x86.Build.0 = Release|Any CPU
		{8CA79ACE-ACC2-445B-BB42-3E3DFE1062E8}.Debug|Any CPU.ActiveCfg = Debug|Any CPU
		{8CA79ACE-ACC2-445B-BB42-3E3DFE1062E8}.Debug|Any CPU.Build.0 = Debug|Any CPU
		{8CA79ACE-ACC2-445B-BB42-3E3DFE1062E8}.Debug|ARM.ActiveCfg = Debug|Any CPU
		{8CA79ACE-ACC2-445B-BB42-3E3DFE1062E8}.Debug|ARM.Build.0 = Debug|Any CPU
		{8CA79ACE-ACC2-445B-BB42-3E3DFE1062E8}.Debug|x64.ActiveCfg = Debug|Any CPU
		{8CA79ACE-ACC2-445B-BB42-3E3DFE1062E8}.Debug|x64.Build.0 = Debug|Any CPU
		{8CA79ACE-ACC2-445B-BB42-3E3DFE1062E8}.Debug|x86.ActiveCfg = Debug|Any CPU
		{8CA79ACE-ACC2-445B-BB42-3E3DFE1062E8}.Debug|x86.Build.0 = Debug|Any CPU
		{8CA79ACE-ACC2-445B-BB42-3E3DFE1062E8}.Release|Any CPU.ActiveCfg = Release|Any CPU
		{8CA79ACE-ACC2-445B-BB42-3E3DFE1062E8}.Release|Any CPU.Build.0 = Release|Any CPU
		{8CA79ACE-ACC2-445B-BB42-3E3DFE1062E8}.Release|ARM.ActiveCfg = Release|Any CPU
		{8CA79ACE-ACC2-445B-BB42-3E3DFE1062E8}.Release|ARM.Build.0 = Release|Any CPU
		{8CA79ACE-ACC2-445B-BB42-3E3DFE1062E8}.Release|x64.ActiveCfg = Release|Any CPU
		{8CA79ACE-ACC2-445B-BB42-3E3DFE1062E8}.Release|x64.Build.0 = Release|Any CPU
		{8CA79ACE-ACC2-445B-BB42-3E3DFE1062E8}.Release|x86.ActiveCfg = Release|Any CPU
		{8CA79ACE-ACC2-445B-BB42-3E3DFE1062E8}.Release|x86.Build.0 = Release|Any CPU
		{19DD389E-3391-43F4-B286-FBFB0A0C5F34}.Debug|Any CPU.ActiveCfg = Debug|Any CPU
		{19DD389E-3391-43F4-B286-FBFB0A0C5F34}.Debug|Any CPU.Build.0 = Debug|Any CPU
		{19DD389E-3391-43F4-B286-FBFB0A0C5F34}.Debug|ARM.ActiveCfg = Debug|Any CPU
		{19DD389E-3391-43F4-B286-FBFB0A0C5F34}.Debug|ARM.Build.0 = Debug|Any CPU
		{19DD389E-3391-43F4-B286-FBFB0A0C5F34}.Debug|x64.ActiveCfg = Debug|Any CPU
		{19DD389E-3391-43F4-B286-FBFB0A0C5F34}.Debug|x64.Build.0 = Debug|Any CPU
		{19DD389E-3391-43F4-B286-FBFB0A0C5F34}.Debug|x86.ActiveCfg = Debug|Any CPU
		{19DD389E-3391-43F4-B286-FBFB0A0C5F34}.Debug|x86.Build.0 = Debug|Any CPU
		{19DD389E-3391-43F4-B286-FBFB0A0C5F34}.Release|Any CPU.ActiveCfg = Release|Any CPU
		{19DD389E-3391-43F4-B286-FBFB0A0C5F34}.Release|Any CPU.Build.0 = Release|Any CPU
		{19DD389E-3391-43F4-B286-FBFB0A0C5F34}.Release|ARM.ActiveCfg = Release|Any CPU
		{19DD389E-3391-43F4-B286-FBFB0A0C5F34}.Release|ARM.Build.0 = Release|Any CPU
		{19DD389E-3391-43F4-B286-FBFB0A0C5F34}.Release|x64.ActiveCfg = Release|Any CPU
		{19DD389E-3391-43F4-B286-FBFB0A0C5F34}.Release|x64.Build.0 = Release|Any CPU
		{19DD389E-3391-43F4-B286-FBFB0A0C5F34}.Release|x86.ActiveCfg = Release|Any CPU
		{19DD389E-3391-43F4-B286-FBFB0A0C5F34}.Release|x86.Build.0 = Release|Any CPU
		{59B3CF8F-A6B7-4CD0-B6E2-E8BF8C6FB8C2}.Debug|Any CPU.ActiveCfg = Debug|Any CPU
		{59B3CF8F-A6B7-4CD0-B6E2-E8BF8C6FB8C2}.Debug|Any CPU.Build.0 = Debug|Any CPU
		{59B3CF8F-A6B7-4CD0-B6E2-E8BF8C6FB8C2}.Debug|ARM.ActiveCfg = Debug|Any CPU
		{59B3CF8F-A6B7-4CD0-B6E2-E8BF8C6FB8C2}.Debug|ARM.Build.0 = Debug|Any CPU
		{59B3CF8F-A6B7-4CD0-B6E2-E8BF8C6FB8C2}.Debug|x64.ActiveCfg = Debug|Any CPU
		{59B3CF8F-A6B7-4CD0-B6E2-E8BF8C6FB8C2}.Debug|x64.Build.0 = Debug|Any CPU
		{59B3CF8F-A6B7-4CD0-B6E2-E8BF8C6FB8C2}.Debug|x86.ActiveCfg = Debug|Any CPU
		{59B3CF8F-A6B7-4CD0-B6E2-E8BF8C6FB8C2}.Debug|x86.Build.0 = Debug|Any CPU
		{59B3CF8F-A6B7-4CD0-B6E2-E8BF8C6FB8C2}.Release|Any CPU.ActiveCfg = Release|Any CPU
		{59B3CF8F-A6B7-4CD0-B6E2-E8BF8C6FB8C2}.Release|Any CPU.Build.0 = Release|Any CPU
		{59B3CF8F-A6B7-4CD0-B6E2-E8BF8C6FB8C2}.Release|ARM.ActiveCfg = Release|Any CPU
		{59B3CF8F-A6B7-4CD0-B6E2-E8BF8C6FB8C2}.Release|ARM.Build.0 = Release|Any CPU
		{59B3CF8F-A6B7-4CD0-B6E2-E8BF8C6FB8C2}.Release|x64.ActiveCfg = Release|Any CPU
		{59B3CF8F-A6B7-4CD0-B6E2-E8BF8C6FB8C2}.Release|x64.Build.0 = Release|Any CPU
		{59B3CF8F-A6B7-4CD0-B6E2-E8BF8C6FB8C2}.Release|x86.ActiveCfg = Release|Any CPU
		{59B3CF8F-A6B7-4CD0-B6E2-E8BF8C6FB8C2}.Release|x86.Build.0 = Release|Any CPU
		{74E87FD1-1707-40A0-9BF1-7BBA0019B7A2}.Debug|Any CPU.ActiveCfg = Debug|Any CPU
		{74E87FD1-1707-40A0-9BF1-7BBA0019B7A2}.Debug|Any CPU.Build.0 = Debug|Any CPU
		{74E87FD1-1707-40A0-9BF1-7BBA0019B7A2}.Debug|ARM.ActiveCfg = Debug|Any CPU
		{74E87FD1-1707-40A0-9BF1-7BBA0019B7A2}.Debug|ARM.Build.0 = Debug|Any CPU
		{74E87FD1-1707-40A0-9BF1-7BBA0019B7A2}.Debug|x64.ActiveCfg = Debug|Any CPU
		{74E87FD1-1707-40A0-9BF1-7BBA0019B7A2}.Debug|x64.Build.0 = Debug|Any CPU
		{74E87FD1-1707-40A0-9BF1-7BBA0019B7A2}.Debug|x86.ActiveCfg = Debug|Any CPU
		{74E87FD1-1707-40A0-9BF1-7BBA0019B7A2}.Debug|x86.Build.0 = Debug|Any CPU
		{74E87FD1-1707-40A0-9BF1-7BBA0019B7A2}.Release|Any CPU.ActiveCfg = Release|Any CPU
		{74E87FD1-1707-40A0-9BF1-7BBA0019B7A2}.Release|Any CPU.Build.0 = Release|Any CPU
		{74E87FD1-1707-40A0-9BF1-7BBA0019B7A2}.Release|ARM.ActiveCfg = Release|Any CPU
		{74E87FD1-1707-40A0-9BF1-7BBA0019B7A2}.Release|ARM.Build.0 = Release|Any CPU
		{74E87FD1-1707-40A0-9BF1-7BBA0019B7A2}.Release|x64.ActiveCfg = Release|Any CPU
		{74E87FD1-1707-40A0-9BF1-7BBA0019B7A2}.Release|x64.Build.0 = Release|Any CPU
		{74E87FD1-1707-40A0-9BF1-7BBA0019B7A2}.Release|x86.ActiveCfg = Release|Any CPU
		{74E87FD1-1707-40A0-9BF1-7BBA0019B7A2}.Release|x86.Build.0 = Release|Any CPU
		{33812BFB-5664-4941-AA53-727F4E93A8B6}.Debug|Any CPU.ActiveCfg = Debug|Any CPU
		{33812BFB-5664-4941-AA53-727F4E93A8B6}.Debug|Any CPU.Build.0 = Debug|Any CPU
		{33812BFB-5664-4941-AA53-727F4E93A8B6}.Debug|ARM.ActiveCfg = Debug|Any CPU
		{33812BFB-5664-4941-AA53-727F4E93A8B6}.Debug|ARM.Build.0 = Debug|Any CPU
		{33812BFB-5664-4941-AA53-727F4E93A8B6}.Debug|x64.ActiveCfg = Debug|Any CPU
		{33812BFB-5664-4941-AA53-727F4E93A8B6}.Debug|x64.Build.0 = Debug|Any CPU
		{33812BFB-5664-4941-AA53-727F4E93A8B6}.Debug|x86.ActiveCfg = Debug|Any CPU
		{33812BFB-5664-4941-AA53-727F4E93A8B6}.Debug|x86.Build.0 = Debug|Any CPU
		{33812BFB-5664-4941-AA53-727F4E93A8B6}.Release|Any CPU.ActiveCfg = Release|Any CPU
		{33812BFB-5664-4941-AA53-727F4E93A8B6}.Release|Any CPU.Build.0 = Release|Any CPU
		{33812BFB-5664-4941-AA53-727F4E93A8B6}.Release|ARM.ActiveCfg = Release|Any CPU
		{33812BFB-5664-4941-AA53-727F4E93A8B6}.Release|ARM.Build.0 = Release|Any CPU
		{33812BFB-5664-4941-AA53-727F4E93A8B6}.Release|x64.ActiveCfg = Release|Any CPU
		{33812BFB-5664-4941-AA53-727F4E93A8B6}.Release|x64.Build.0 = Release|Any CPU
		{33812BFB-5664-4941-AA53-727F4E93A8B6}.Release|x86.ActiveCfg = Release|Any CPU
		{33812BFB-5664-4941-AA53-727F4E93A8B6}.Release|x86.Build.0 = Release|Any CPU
		{97FF8A32-A0BC-40DA-94C0-0B2F854B2039}.Debug|Any CPU.ActiveCfg = Debug|Any CPU
		{97FF8A32-A0BC-40DA-94C0-0B2F854B2039}.Debug|Any CPU.Build.0 = Debug|Any CPU
		{97FF8A32-A0BC-40DA-94C0-0B2F854B2039}.Debug|ARM.ActiveCfg = Debug|Any CPU
		{97FF8A32-A0BC-40DA-94C0-0B2F854B2039}.Debug|ARM.Build.0 = Debug|Any CPU
		{97FF8A32-A0BC-40DA-94C0-0B2F854B2039}.Debug|x64.ActiveCfg = Debug|Any CPU
		{97FF8A32-A0BC-40DA-94C0-0B2F854B2039}.Debug|x64.Build.0 = Debug|Any CPU
		{97FF8A32-A0BC-40DA-94C0-0B2F854B2039}.Debug|x86.ActiveCfg = Debug|Any CPU
		{97FF8A32-A0BC-40DA-94C0-0B2F854B2039}.Debug|x86.Build.0 = Debug|Any CPU
		{97FF8A32-A0BC-40DA-94C0-0B2F854B2039}.Release|Any CPU.ActiveCfg = Release|Any CPU
		{97FF8A32-A0BC-40DA-94C0-0B2F854B2039}.Release|Any CPU.Build.0 = Release|Any CPU
		{97FF8A32-A0BC-40DA-94C0-0B2F854B2039}.Release|ARM.ActiveCfg = Release|Any CPU
		{97FF8A32-A0BC-40DA-94C0-0B2F854B2039}.Release|ARM.Build.0 = Release|Any CPU
		{97FF8A32-A0BC-40DA-94C0-0B2F854B2039}.Release|x64.ActiveCfg = Release|Any CPU
		{97FF8A32-A0BC-40DA-94C0-0B2F854B2039}.Release|x64.Build.0 = Release|Any CPU
		{97FF8A32-A0BC-40DA-94C0-0B2F854B2039}.Release|x86.ActiveCfg = Release|Any CPU
		{97FF8A32-A0BC-40DA-94C0-0B2F854B2039}.Release|x86.Build.0 = Release|Any CPU
		{FA143352-14D8-4360-AD49-3547203FCFCE}.Debug|Any CPU.ActiveCfg = Debug|Any CPU
		{FA143352-14D8-4360-AD49-3547203FCFCE}.Debug|Any CPU.Build.0 = Debug|Any CPU
		{FA143352-14D8-4360-AD49-3547203FCFCE}.Debug|ARM.ActiveCfg = Debug|Any CPU
		{FA143352-14D8-4360-AD49-3547203FCFCE}.Debug|ARM.Build.0 = Debug|Any CPU
		{FA143352-14D8-4360-AD49-3547203FCFCE}.Debug|x64.ActiveCfg = Debug|Any CPU
		{FA143352-14D8-4360-AD49-3547203FCFCE}.Debug|x64.Build.0 = Debug|Any CPU
		{FA143352-14D8-4360-AD49-3547203FCFCE}.Debug|x86.ActiveCfg = Debug|Any CPU
		{FA143352-14D8-4360-AD49-3547203FCFCE}.Debug|x86.Build.0 = Debug|Any CPU
		{FA143352-14D8-4360-AD49-3547203FCFCE}.Release|Any CPU.ActiveCfg = Release|Any CPU
		{FA143352-14D8-4360-AD49-3547203FCFCE}.Release|Any CPU.Build.0 = Release|Any CPU
		{FA143352-14D8-4360-AD49-3547203FCFCE}.Release|ARM.ActiveCfg = Release|Any CPU
		{FA143352-14D8-4360-AD49-3547203FCFCE}.Release|ARM.Build.0 = Release|Any CPU
		{FA143352-14D8-4360-AD49-3547203FCFCE}.Release|x64.ActiveCfg = Release|Any CPU
		{FA143352-14D8-4360-AD49-3547203FCFCE}.Release|x64.Build.0 = Release|Any CPU
		{FA143352-14D8-4360-AD49-3547203FCFCE}.Release|x86.ActiveCfg = Release|Any CPU
		{FA143352-14D8-4360-AD49-3547203FCFCE}.Release|x86.Build.0 = Release|Any CPU
		{BE57C4D4-9372-4DA8-B05D-BEE9C4B44F30}.Debug|Any CPU.ActiveCfg = Debug|Any CPU
		{BE57C4D4-9372-4DA8-B05D-BEE9C4B44F30}.Debug|Any CPU.Build.0 = Debug|Any CPU
		{BE57C4D4-9372-4DA8-B05D-BEE9C4B44F30}.Debug|ARM.ActiveCfg = Debug|Any CPU
		{BE57C4D4-9372-4DA8-B05D-BEE9C4B44F30}.Debug|ARM.Build.0 = Debug|Any CPU
		{BE57C4D4-9372-4DA8-B05D-BEE9C4B44F30}.Debug|x64.ActiveCfg = Debug|Any CPU
		{BE57C4D4-9372-4DA8-B05D-BEE9C4B44F30}.Debug|x64.Build.0 = Debug|Any CPU
		{BE57C4D4-9372-4DA8-B05D-BEE9C4B44F30}.Debug|x86.ActiveCfg = Debug|Any CPU
		{BE57C4D4-9372-4DA8-B05D-BEE9C4B44F30}.Debug|x86.Build.0 = Debug|Any CPU
		{BE57C4D4-9372-4DA8-B05D-BEE9C4B44F30}.Release|Any CPU.ActiveCfg = Release|Any CPU
		{BE57C4D4-9372-4DA8-B05D-BEE9C4B44F30}.Release|Any CPU.Build.0 = Release|Any CPU
		{BE57C4D4-9372-4DA8-B05D-BEE9C4B44F30}.Release|ARM.ActiveCfg = Release|Any CPU
		{BE57C4D4-9372-4DA8-B05D-BEE9C4B44F30}.Release|ARM.Build.0 = Release|Any CPU
		{BE57C4D4-9372-4DA8-B05D-BEE9C4B44F30}.Release|x64.ActiveCfg = Release|Any CPU
		{BE57C4D4-9372-4DA8-B05D-BEE9C4B44F30}.Release|x64.Build.0 = Release|Any CPU
		{BE57C4D4-9372-4DA8-B05D-BEE9C4B44F30}.Release|x86.ActiveCfg = Release|Any CPU
		{BE57C4D4-9372-4DA8-B05D-BEE9C4B44F30}.Release|x86.Build.0 = Release|Any CPU
		{1A30CC61-7A08-43C9-974F-3524B31E7B87}.Debug|Any CPU.ActiveCfg = Debug|Any CPU
		{1A30CC61-7A08-43C9-974F-3524B31E7B87}.Debug|Any CPU.Build.0 = Debug|Any CPU
		{1A30CC61-7A08-43C9-974F-3524B31E7B87}.Debug|ARM.ActiveCfg = Debug|Any CPU
		{1A30CC61-7A08-43C9-974F-3524B31E7B87}.Debug|ARM.Build.0 = Debug|Any CPU
		{1A30CC61-7A08-43C9-974F-3524B31E7B87}.Debug|x64.ActiveCfg = Debug|Any CPU
		{1A30CC61-7A08-43C9-974F-3524B31E7B87}.Debug|x64.Build.0 = Debug|Any CPU
		{1A30CC61-7A08-43C9-974F-3524B31E7B87}.Debug|x86.ActiveCfg = Debug|Any CPU
		{1A30CC61-7A08-43C9-974F-3524B31E7B87}.Debug|x86.Build.0 = Debug|Any CPU
		{1A30CC61-7A08-43C9-974F-3524B31E7B87}.Release|Any CPU.ActiveCfg = Release|Any CPU
		{1A30CC61-7A08-43C9-974F-3524B31E7B87}.Release|Any CPU.Build.0 = Release|Any CPU
		{1A30CC61-7A08-43C9-974F-3524B31E7B87}.Release|ARM.ActiveCfg = Release|Any CPU
		{1A30CC61-7A08-43C9-974F-3524B31E7B87}.Release|ARM.Build.0 = Release|Any CPU
		{1A30CC61-7A08-43C9-974F-3524B31E7B87}.Release|x64.ActiveCfg = Release|Any CPU
		{1A30CC61-7A08-43C9-974F-3524B31E7B87}.Release|x64.Build.0 = Release|Any CPU
		{1A30CC61-7A08-43C9-974F-3524B31E7B87}.Release|x86.ActiveCfg = Release|Any CPU
		{1A30CC61-7A08-43C9-974F-3524B31E7B87}.Release|x86.Build.0 = Release|Any CPU
		{DBE572BA-EED8-4D16-997F-26C9FFCA04D9}.Debug|Any CPU.ActiveCfg = Debug|Any CPU
		{DBE572BA-EED8-4D16-997F-26C9FFCA04D9}.Debug|Any CPU.Build.0 = Debug|Any CPU
		{DBE572BA-EED8-4D16-997F-26C9FFCA04D9}.Debug|ARM.ActiveCfg = Debug|Any CPU
		{DBE572BA-EED8-4D16-997F-26C9FFCA04D9}.Debug|ARM.Build.0 = Debug|Any CPU
		{DBE572BA-EED8-4D16-997F-26C9FFCA04D9}.Debug|x64.ActiveCfg = Debug|Any CPU
		{DBE572BA-EED8-4D16-997F-26C9FFCA04D9}.Debug|x64.Build.0 = Debug|Any CPU
		{DBE572BA-EED8-4D16-997F-26C9FFCA04D9}.Debug|x86.ActiveCfg = Debug|Any CPU
		{DBE572BA-EED8-4D16-997F-26C9FFCA04D9}.Debug|x86.Build.0 = Debug|Any CPU
		{DBE572BA-EED8-4D16-997F-26C9FFCA04D9}.Release|Any CPU.ActiveCfg = Release|Any CPU
		{DBE572BA-EED8-4D16-997F-26C9FFCA04D9}.Release|Any CPU.Build.0 = Release|Any CPU
		{DBE572BA-EED8-4D16-997F-26C9FFCA04D9}.Release|ARM.ActiveCfg = Release|Any CPU
		{DBE572BA-EED8-4D16-997F-26C9FFCA04D9}.Release|ARM.Build.0 = Release|Any CPU
		{DBE572BA-EED8-4D16-997F-26C9FFCA04D9}.Release|x64.ActiveCfg = Release|Any CPU
		{DBE572BA-EED8-4D16-997F-26C9FFCA04D9}.Release|x64.Build.0 = Release|Any CPU
		{DBE572BA-EED8-4D16-997F-26C9FFCA04D9}.Release|x86.ActiveCfg = Release|Any CPU
		{DBE572BA-EED8-4D16-997F-26C9FFCA04D9}.Release|x86.Build.0 = Release|Any CPU
		{51599944-F03E-49C9-BFCF-821DD8A5B97C}.Debug|Any CPU.ActiveCfg = Debug|Any CPU
		{51599944-F03E-49C9-BFCF-821DD8A5B97C}.Debug|Any CPU.Build.0 = Debug|Any CPU
		{51599944-F03E-49C9-BFCF-821DD8A5B97C}.Debug|ARM.ActiveCfg = Debug|Any CPU
		{51599944-F03E-49C9-BFCF-821DD8A5B97C}.Debug|ARM.Build.0 = Debug|Any CPU
		{51599944-F03E-49C9-BFCF-821DD8A5B97C}.Debug|x64.ActiveCfg = Debug|Any CPU
		{51599944-F03E-49C9-BFCF-821DD8A5B97C}.Debug|x64.Build.0 = Debug|Any CPU
		{51599944-F03E-49C9-BFCF-821DD8A5B97C}.Debug|x86.ActiveCfg = Debug|Any CPU
		{51599944-F03E-49C9-BFCF-821DD8A5B97C}.Debug|x86.Build.0 = Debug|Any CPU
		{51599944-F03E-49C9-BFCF-821DD8A5B97C}.Release|Any CPU.ActiveCfg = Release|Any CPU
		{51599944-F03E-49C9-BFCF-821DD8A5B97C}.Release|Any CPU.Build.0 = Release|Any CPU
		{51599944-F03E-49C9-BFCF-821DD8A5B97C}.Release|ARM.ActiveCfg = Release|Any CPU
		{51599944-F03E-49C9-BFCF-821DD8A5B97C}.Release|ARM.Build.0 = Release|Any CPU
		{51599944-F03E-49C9-BFCF-821DD8A5B97C}.Release|x64.ActiveCfg = Release|Any CPU
		{51599944-F03E-49C9-BFCF-821DD8A5B97C}.Release|x64.Build.0 = Release|Any CPU
		{51599944-F03E-49C9-BFCF-821DD8A5B97C}.Release|x86.ActiveCfg = Release|Any CPU
		{51599944-F03E-49C9-BFCF-821DD8A5B97C}.Release|x86.Build.0 = Release|Any CPU
		{8B0333E1-AB6E-489A-9AAB-69046D66993B}.Debug|Any CPU.ActiveCfg = Debug|Any CPU
		{8B0333E1-AB6E-489A-9AAB-69046D66993B}.Debug|Any CPU.Build.0 = Debug|Any CPU
		{8B0333E1-AB6E-489A-9AAB-69046D66993B}.Debug|ARM.ActiveCfg = Debug|Any CPU
		{8B0333E1-AB6E-489A-9AAB-69046D66993B}.Debug|ARM.Build.0 = Debug|Any CPU
		{8B0333E1-AB6E-489A-9AAB-69046D66993B}.Debug|x64.ActiveCfg = Debug|Any CPU
		{8B0333E1-AB6E-489A-9AAB-69046D66993B}.Debug|x64.Build.0 = Debug|Any CPU
		{8B0333E1-AB6E-489A-9AAB-69046D66993B}.Debug|x86.ActiveCfg = Debug|Any CPU
		{8B0333E1-AB6E-489A-9AAB-69046D66993B}.Debug|x86.Build.0 = Debug|Any CPU
		{8B0333E1-AB6E-489A-9AAB-69046D66993B}.Release|Any CPU.ActiveCfg = Release|Any CPU
		{8B0333E1-AB6E-489A-9AAB-69046D66993B}.Release|Any CPU.Build.0 = Release|Any CPU
		{8B0333E1-AB6E-489A-9AAB-69046D66993B}.Release|ARM.ActiveCfg = Release|Any CPU
		{8B0333E1-AB6E-489A-9AAB-69046D66993B}.Release|ARM.Build.0 = Release|Any CPU
		{8B0333E1-AB6E-489A-9AAB-69046D66993B}.Release|x64.ActiveCfg = Release|Any CPU
		{8B0333E1-AB6E-489A-9AAB-69046D66993B}.Release|x64.Build.0 = Release|Any CPU
		{8B0333E1-AB6E-489A-9AAB-69046D66993B}.Release|x86.ActiveCfg = Release|Any CPU
		{8B0333E1-AB6E-489A-9AAB-69046D66993B}.Release|x86.Build.0 = Release|Any CPU
		{B175E0C2-0497-4B6D-9585-6B1C630C70C1}.Debug|Any CPU.ActiveCfg = Debug|Any CPU
		{B175E0C2-0497-4B6D-9585-6B1C630C70C1}.Debug|Any CPU.Build.0 = Debug|Any CPU
		{B175E0C2-0497-4B6D-9585-6B1C630C70C1}.Debug|ARM.ActiveCfg = Debug|Any CPU
		{B175E0C2-0497-4B6D-9585-6B1C630C70C1}.Debug|ARM.Build.0 = Debug|Any CPU
		{B175E0C2-0497-4B6D-9585-6B1C630C70C1}.Debug|x64.ActiveCfg = Debug|Any CPU
		{B175E0C2-0497-4B6D-9585-6B1C630C70C1}.Debug|x64.Build.0 = Debug|Any CPU
		{B175E0C2-0497-4B6D-9585-6B1C630C70C1}.Debug|x86.ActiveCfg = Debug|Any CPU
		{B175E0C2-0497-4B6D-9585-6B1C630C70C1}.Debug|x86.Build.0 = Debug|Any CPU
		{B175E0C2-0497-4B6D-9585-6B1C630C70C1}.Release|Any CPU.ActiveCfg = Release|Any CPU
		{B175E0C2-0497-4B6D-9585-6B1C630C70C1}.Release|Any CPU.Build.0 = Release|Any CPU
		{B175E0C2-0497-4B6D-9585-6B1C630C70C1}.Release|ARM.ActiveCfg = Release|Any CPU
		{B175E0C2-0497-4B6D-9585-6B1C630C70C1}.Release|ARM.Build.0 = Release|Any CPU
		{B175E0C2-0497-4B6D-9585-6B1C630C70C1}.Release|x64.ActiveCfg = Release|Any CPU
		{B175E0C2-0497-4B6D-9585-6B1C630C70C1}.Release|x64.Build.0 = Release|Any CPU
		{B175E0C2-0497-4B6D-9585-6B1C630C70C1}.Release|x86.ActiveCfg = Release|Any CPU
		{B175E0C2-0497-4B6D-9585-6B1C630C70C1}.Release|x86.Build.0 = Release|Any CPU
		{3F0F8C84-B572-4C8F-83B8-92F8EF5DF88C}.Debug|Any CPU.ActiveCfg = Debug|Any CPU
		{3F0F8C84-B572-4C8F-83B8-92F8EF5DF88C}.Debug|Any CPU.Build.0 = Debug|Any CPU
		{3F0F8C84-B572-4C8F-83B8-92F8EF5DF88C}.Debug|ARM.ActiveCfg = Debug|Any CPU
		{3F0F8C84-B572-4C8F-83B8-92F8EF5DF88C}.Debug|ARM.Build.0 = Debug|Any CPU
		{3F0F8C84-B572-4C8F-83B8-92F8EF5DF88C}.Debug|x64.ActiveCfg = Debug|Any CPU
		{3F0F8C84-B572-4C8F-83B8-92F8EF5DF88C}.Debug|x64.Build.0 = Debug|Any CPU
		{3F0F8C84-B572-4C8F-83B8-92F8EF5DF88C}.Debug|x86.ActiveCfg = Debug|Any CPU
		{3F0F8C84-B572-4C8F-83B8-92F8EF5DF88C}.Debug|x86.Build.0 = Debug|Any CPU
		{3F0F8C84-B572-4C8F-83B8-92F8EF5DF88C}.Release|Any CPU.ActiveCfg = Release|Any CPU
		{3F0F8C84-B572-4C8F-83B8-92F8EF5DF88C}.Release|Any CPU.Build.0 = Release|Any CPU
		{3F0F8C84-B572-4C8F-83B8-92F8EF5DF88C}.Release|ARM.ActiveCfg = Release|Any CPU
		{3F0F8C84-B572-4C8F-83B8-92F8EF5DF88C}.Release|ARM.Build.0 = Release|Any CPU
		{3F0F8C84-B572-4C8F-83B8-92F8EF5DF88C}.Release|x64.ActiveCfg = Release|Any CPU
		{3F0F8C84-B572-4C8F-83B8-92F8EF5DF88C}.Release|x64.Build.0 = Release|Any CPU
		{3F0F8C84-B572-4C8F-83B8-92F8EF5DF88C}.Release|x86.ActiveCfg = Release|Any CPU
		{3F0F8C84-B572-4C8F-83B8-92F8EF5DF88C}.Release|x86.Build.0 = Release|Any CPU
		{76C9D2DF-5608-474A-B794-04AAE7338308}.Debug|Any CPU.ActiveCfg = Debug|Any CPU
		{76C9D2DF-5608-474A-B794-04AAE7338308}.Debug|Any CPU.Build.0 = Debug|Any CPU
		{76C9D2DF-5608-474A-B794-04AAE7338308}.Debug|ARM.ActiveCfg = Debug|Any CPU
		{76C9D2DF-5608-474A-B794-04AAE7338308}.Debug|ARM.Build.0 = Debug|Any CPU
		{76C9D2DF-5608-474A-B794-04AAE7338308}.Debug|x64.ActiveCfg = Debug|Any CPU
		{76C9D2DF-5608-474A-B794-04AAE7338308}.Debug|x64.Build.0 = Debug|Any CPU
		{76C9D2DF-5608-474A-B794-04AAE7338308}.Debug|x86.ActiveCfg = Debug|Any CPU
		{76C9D2DF-5608-474A-B794-04AAE7338308}.Debug|x86.Build.0 = Debug|Any CPU
		{76C9D2DF-5608-474A-B794-04AAE7338308}.Release|Any CPU.ActiveCfg = Release|Any CPU
		{76C9D2DF-5608-474A-B794-04AAE7338308}.Release|Any CPU.Build.0 = Release|Any CPU
		{76C9D2DF-5608-474A-B794-04AAE7338308}.Release|ARM.ActiveCfg = Release|Any CPU
		{76C9D2DF-5608-474A-B794-04AAE7338308}.Release|ARM.Build.0 = Release|Any CPU
		{76C9D2DF-5608-474A-B794-04AAE7338308}.Release|x64.ActiveCfg = Release|Any CPU
		{76C9D2DF-5608-474A-B794-04AAE7338308}.Release|x64.Build.0 = Release|Any CPU
		{76C9D2DF-5608-474A-B794-04AAE7338308}.Release|x86.ActiveCfg = Release|Any CPU
		{76C9D2DF-5608-474A-B794-04AAE7338308}.Release|x86.Build.0 = Release|Any CPU
		{861FFA6C-9F42-47F4-A1EF-3E9B195E5C87}.Debug|Any CPU.ActiveCfg = Debug|Any CPU
		{861FFA6C-9F42-47F4-A1EF-3E9B195E5C87}.Debug|Any CPU.Build.0 = Debug|Any CPU
		{861FFA6C-9F42-47F4-A1EF-3E9B195E5C87}.Debug|ARM.ActiveCfg = Debug|Any CPU
		{861FFA6C-9F42-47F4-A1EF-3E9B195E5C87}.Debug|ARM.Build.0 = Debug|Any CPU
		{861FFA6C-9F42-47F4-A1EF-3E9B195E5C87}.Debug|x64.ActiveCfg = Debug|Any CPU
		{861FFA6C-9F42-47F4-A1EF-3E9B195E5C87}.Debug|x64.Build.0 = Debug|Any CPU
		{861FFA6C-9F42-47F4-A1EF-3E9B195E5C87}.Debug|x86.ActiveCfg = Debug|Any CPU
		{861FFA6C-9F42-47F4-A1EF-3E9B195E5C87}.Debug|x86.Build.0 = Debug|Any CPU
		{861FFA6C-9F42-47F4-A1EF-3E9B195E5C87}.Release|Any CPU.ActiveCfg = Release|Any CPU
		{861FFA6C-9F42-47F4-A1EF-3E9B195E5C87}.Release|Any CPU.Build.0 = Release|Any CPU
		{861FFA6C-9F42-47F4-A1EF-3E9B195E5C87}.Release|ARM.ActiveCfg = Release|Any CPU
		{861FFA6C-9F42-47F4-A1EF-3E9B195E5C87}.Release|ARM.Build.0 = Release|Any CPU
		{861FFA6C-9F42-47F4-A1EF-3E9B195E5C87}.Release|x64.ActiveCfg = Release|Any CPU
		{861FFA6C-9F42-47F4-A1EF-3E9B195E5C87}.Release|x64.Build.0 = Release|Any CPU
		{861FFA6C-9F42-47F4-A1EF-3E9B195E5C87}.Release|x86.ActiveCfg = Release|Any CPU
		{861FFA6C-9F42-47F4-A1EF-3E9B195E5C87}.Release|x86.Build.0 = Release|Any CPU
		{51C42A85-B933-4A12-AB7D-67BE4055A2F5}.Debug|Any CPU.ActiveCfg = Debug|Any CPU
		{51C42A85-B933-4A12-AB7D-67BE4055A2F5}.Debug|Any CPU.Build.0 = Debug|Any CPU
		{51C42A85-B933-4A12-AB7D-67BE4055A2F5}.Debug|ARM.ActiveCfg = Debug|Any CPU
		{51C42A85-B933-4A12-AB7D-67BE4055A2F5}.Debug|ARM.Build.0 = Debug|Any CPU
		{51C42A85-B933-4A12-AB7D-67BE4055A2F5}.Debug|x64.ActiveCfg = Debug|Any CPU
		{51C42A85-B933-4A12-AB7D-67BE4055A2F5}.Debug|x64.Build.0 = Debug|Any CPU
		{51C42A85-B933-4A12-AB7D-67BE4055A2F5}.Debug|x86.ActiveCfg = Debug|Any CPU
		{51C42A85-B933-4A12-AB7D-67BE4055A2F5}.Debug|x86.Build.0 = Debug|Any CPU
		{51C42A85-B933-4A12-AB7D-67BE4055A2F5}.Release|Any CPU.ActiveCfg = Release|Any CPU
		{51C42A85-B933-4A12-AB7D-67BE4055A2F5}.Release|Any CPU.Build.0 = Release|Any CPU
		{51C42A85-B933-4A12-AB7D-67BE4055A2F5}.Release|ARM.ActiveCfg = Release|Any CPU
		{51C42A85-B933-4A12-AB7D-67BE4055A2F5}.Release|ARM.Build.0 = Release|Any CPU
		{51C42A85-B933-4A12-AB7D-67BE4055A2F5}.Release|x64.ActiveCfg = Release|Any CPU
		{51C42A85-B933-4A12-AB7D-67BE4055A2F5}.Release|x64.Build.0 = Release|Any CPU
		{51C42A85-B933-4A12-AB7D-67BE4055A2F5}.Release|x86.ActiveCfg = Release|Any CPU
		{51C42A85-B933-4A12-AB7D-67BE4055A2F5}.Release|x86.Build.0 = Release|Any CPU
		{F6B88838-9DC6-4D02-96B4-60B9E4B3EC0D}.Debug|Any CPU.ActiveCfg = Debug|Any CPU
		{F6B88838-9DC6-4D02-96B4-60B9E4B3EC0D}.Debug|Any CPU.Build.0 = Debug|Any CPU
		{F6B88838-9DC6-4D02-96B4-60B9E4B3EC0D}.Debug|ARM.ActiveCfg = Debug|Any CPU
		{F6B88838-9DC6-4D02-96B4-60B9E4B3EC0D}.Debug|ARM.Build.0 = Debug|Any CPU
		{F6B88838-9DC6-4D02-96B4-60B9E4B3EC0D}.Debug|x64.ActiveCfg = Debug|Any CPU
		{F6B88838-9DC6-4D02-96B4-60B9E4B3EC0D}.Debug|x64.Build.0 = Debug|Any CPU
		{F6B88838-9DC6-4D02-96B4-60B9E4B3EC0D}.Debug|x86.ActiveCfg = Debug|Any CPU
		{F6B88838-9DC6-4D02-96B4-60B9E4B3EC0D}.Debug|x86.Build.0 = Debug|Any CPU
		{F6B88838-9DC6-4D02-96B4-60B9E4B3EC0D}.Release|Any CPU.ActiveCfg = Release|Any CPU
		{F6B88838-9DC6-4D02-96B4-60B9E4B3EC0D}.Release|Any CPU.Build.0 = Release|Any CPU
		{F6B88838-9DC6-4D02-96B4-60B9E4B3EC0D}.Release|ARM.ActiveCfg = Release|Any CPU
		{F6B88838-9DC6-4D02-96B4-60B9E4B3EC0D}.Release|ARM.Build.0 = Release|Any CPU
		{F6B88838-9DC6-4D02-96B4-60B9E4B3EC0D}.Release|x64.ActiveCfg = Release|Any CPU
		{F6B88838-9DC6-4D02-96B4-60B9E4B3EC0D}.Release|x64.Build.0 = Release|Any CPU
		{F6B88838-9DC6-4D02-96B4-60B9E4B3EC0D}.Release|x86.ActiveCfg = Release|Any CPU
		{F6B88838-9DC6-4D02-96B4-60B9E4B3EC0D}.Release|x86.Build.0 = Release|Any CPU
		{0DA83E17-9179-4E0B-880D-E18ACF7ADCFB}.Debug|Any CPU.ActiveCfg = Debug|Any CPU
		{0DA83E17-9179-4E0B-880D-E18ACF7ADCFB}.Debug|Any CPU.Build.0 = Debug|Any CPU
		{0DA83E17-9179-4E0B-880D-E18ACF7ADCFB}.Debug|ARM.ActiveCfg = Debug|Any CPU
		{0DA83E17-9179-4E0B-880D-E18ACF7ADCFB}.Debug|ARM.Build.0 = Debug|Any CPU
		{0DA83E17-9179-4E0B-880D-E18ACF7ADCFB}.Debug|x64.ActiveCfg = Debug|Any CPU
		{0DA83E17-9179-4E0B-880D-E18ACF7ADCFB}.Debug|x64.Build.0 = Debug|Any CPU
		{0DA83E17-9179-4E0B-880D-E18ACF7ADCFB}.Debug|x86.ActiveCfg = Debug|Any CPU
		{0DA83E17-9179-4E0B-880D-E18ACF7ADCFB}.Debug|x86.Build.0 = Debug|Any CPU
		{0DA83E17-9179-4E0B-880D-E18ACF7ADCFB}.Release|Any CPU.ActiveCfg = Release|Any CPU
		{0DA83E17-9179-4E0B-880D-E18ACF7ADCFB}.Release|Any CPU.Build.0 = Release|Any CPU
		{0DA83E17-9179-4E0B-880D-E18ACF7ADCFB}.Release|ARM.ActiveCfg = Release|Any CPU
		{0DA83E17-9179-4E0B-880D-E18ACF7ADCFB}.Release|ARM.Build.0 = Release|Any CPU
		{0DA83E17-9179-4E0B-880D-E18ACF7ADCFB}.Release|x64.ActiveCfg = Release|Any CPU
		{0DA83E17-9179-4E0B-880D-E18ACF7ADCFB}.Release|x64.Build.0 = Release|Any CPU
		{0DA83E17-9179-4E0B-880D-E18ACF7ADCFB}.Release|x86.ActiveCfg = Release|Any CPU
		{0DA83E17-9179-4E0B-880D-E18ACF7ADCFB}.Release|x86.Build.0 = Release|Any CPU
	EndGlobalSection
	GlobalSection(SolutionProperties) = preSolution
		HideSolutionNode = FALSE
	EndGlobalSection
	GlobalSection(NestedProjects) = preSolution
		{C7250754-0453-49B4-9C61-408C6DA25DC4} = {840D1568-9DE2-4856-99AC-6FE55B0C84BA}
		{4049DE6B-22F5-4D5F-87E6-C17C73D12D38} = {840D1568-9DE2-4856-99AC-6FE55B0C84BA}
		{57E8C6EA-ABC2-4775-9352-2DBA1F2F401C} = {840D1568-9DE2-4856-99AC-6FE55B0C84BA}
		{47B9BBAF-4668-4B6F-953E-CAE1C7AB3935} = {840D1568-9DE2-4856-99AC-6FE55B0C84BA}
		{43DE0904-B73B-4893-A3F6-EC53A78B4635} = {522C8AEC-AFB8-4E06-B89E-3D153F09AAFA}
		{99C7D311-7854-48A9-9670-FD4A49184B11} = {522C8AEC-AFB8-4E06-B89E-3D153F09AAFA}
		{84670384-4810-4082-911B-0BB47958EECD} = {522C8AEC-AFB8-4E06-B89E-3D153F09AAFA}
		{D2DC6CEB-1C99-430C-A124-E7555654F368} = {160BA996-ED96-41EE-8DDB-EA4B8C0C0D0C}
		{6B148AC1-F2F2-4AEB-AA0A-99F9B575CFCB} = {160BA996-ED96-41EE-8DDB-EA4B8C0C0D0C}
		{EE6D2B76-FB73-4642-A74A-38289C32AA1D} = {BF0DC31A-5A19-4102-B720-98C004ACAB3E}
		{E775460A-62B1-4868-823E-F2E28215E07A} = {BF0DC31A-5A19-4102-B720-98C004ACAB3E}
		{82609FB5-F297-4814-9335-72DF33B0D1EB} = {54754727-594B-45BE-BBC5-5FDDA821D759}
		{362FA967-972F-4BE7-B7EF-64A43D708BB7} = {54754727-594B-45BE-BBC5-5FDDA821D759}
		{BD8A5C14-3828-4068-86AF-39726FA0E79B} = {54754727-594B-45BE-BBC5-5FDDA821D759}
		{7091FF4E-BEE9-4196-A6E4-30EC8C9F109A} = {54754727-594B-45BE-BBC5-5FDDA821D759}
		{10C32A8B-DC84-4291-A6E9-26BE49F04259} = {54754727-594B-45BE-BBC5-5FDDA821D759}
		{7F3BDC33-A467-47B1-8758-13E0E052BE0D} = {54754727-594B-45BE-BBC5-5FDDA821D759}
		{668B1ABB-F01F-499F-B8CF-42290C985022} = {54754727-594B-45BE-BBC5-5FDDA821D759}
		{EFEF934C-E114-4007-AB38-BD4AAA63AF20} = {54754727-594B-45BE-BBC5-5FDDA821D759}
		{D855A131-6215-46F6-8104-2F04E311DB3D} = {54754727-594B-45BE-BBC5-5FDDA821D759}
		{6873F4F1-499D-405E-9A3B-061A88190C4C} = {54754727-594B-45BE-BBC5-5FDDA821D759}
		{74E86EBE-204D-4867-971E-103BC2F13F7C} = {54754727-594B-45BE-BBC5-5FDDA821D759}
		{B137D152-BF78-4CE3-8E83-47120106FC93} = {54754727-594B-45BE-BBC5-5FDDA821D759}
		{813F3D68-B337-4A56-9D5F-61D9E47E99C7} = {54754727-594B-45BE-BBC5-5FDDA821D759}
		{D53229C1-97A0-407A-AD86-EF8ABB80B419} = {54754727-594B-45BE-BBC5-5FDDA821D759}
		{A87CD3C8-3478-4FDF-89AD-F775B58AB24B} = {54754727-594B-45BE-BBC5-5FDDA821D759}
		{9555EDDB-0209-43B1-B203-A2FD4714DA51} = {54754727-594B-45BE-BBC5-5FDDA821D759}
		{C5144EF6-0B1D-45F2-AFB2-32C9344D62DF} = {54754727-594B-45BE-BBC5-5FDDA821D759}
		{016192BF-7BD2-4057-A5BB-96A089381FCF} = {54754727-594B-45BE-BBC5-5FDDA821D759}
		{FA7A7786-D853-47DD-A57C-DAC85454FB18} = {54754727-594B-45BE-BBC5-5FDDA821D759}
		{57946D6C-D966-41D5-987D-B33984A53468} = {54754727-594B-45BE-BBC5-5FDDA821D759}
		{EAC66445-50B2-4BE8-995D-3FB4E59BA307} = {54754727-594B-45BE-BBC5-5FDDA821D759}
		{3384C342-B7A1-4027-A429-498D6FBFBAF0} = {54754727-594B-45BE-BBC5-5FDDA821D759}
		{8CA79ACE-ACC2-445B-BB42-3E3DFE1062E8} = {54754727-594B-45BE-BBC5-5FDDA821D759}
		{19DD389E-3391-43F4-B286-FBFB0A0C5F34} = {54754727-594B-45BE-BBC5-5FDDA821D759}
		{59B3CF8F-A6B7-4CD0-B6E2-E8BF8C6FB8C2} = {54754727-594B-45BE-BBC5-5FDDA821D759}
		{74E87FD1-1707-40A0-9BF1-7BBA0019B7A2} = {54754727-594B-45BE-BBC5-5FDDA821D759}
		{33812BFB-5664-4941-AA53-727F4E93A8B6} = {54754727-594B-45BE-BBC5-5FDDA821D759}
		{97FF8A32-A0BC-40DA-94C0-0B2F854B2039} = {54754727-594B-45BE-BBC5-5FDDA821D759}
		{FA143352-14D8-4360-AD49-3547203FCFCE} = {E024782A-BC37-4DD7-8AC9-8AFF90B709AC}
		{BE57C4D4-9372-4DA8-B05D-BEE9C4B44F30} = {BB036C3D-7EDE-4776-95B8-1B0EE43721D8}
		{1A30CC61-7A08-43C9-974F-3524B31E7B87} = {BB036C3D-7EDE-4776-95B8-1B0EE43721D8}
		{DBE572BA-EED8-4D16-997F-26C9FFCA04D9} = {7B327412-B5F8-4964-B81E-13857B6DB273}
		{51599944-F03E-49C9-BFCF-821DD8A5B97C} = {7B327412-B5F8-4964-B81E-13857B6DB273}
		{8B0333E1-AB6E-489A-9AAB-69046D66993B} = {7B327412-B5F8-4964-B81E-13857B6DB273}
		{B175E0C2-0497-4B6D-9585-6B1C630C70C1} = {7B327412-B5F8-4964-B81E-13857B6DB273}
		{3F0F8C84-B572-4C8F-83B8-92F8EF5DF88C} = {7B327412-B5F8-4964-B81E-13857B6DB273}
		{76C9D2DF-5608-474A-B794-04AAE7338308} = {7B327412-B5F8-4964-B81E-13857B6DB273}
		{861FFA6C-9F42-47F4-A1EF-3E9B195E5C87} = {D7CCEAD6-089D-46E2-8EA3-9F34783E0B50}
		{51C42A85-B933-4A12-AB7D-67BE4055A2F5} = {ACD5EB50-C2EB-41A8-8F02-0237457D01F4}
		{F6B88838-9DC6-4D02-96B4-60B9E4B3EC0D} = {ACD5EB50-C2EB-41A8-8F02-0237457D01F4}
		{0DA83E17-9179-4E0B-880D-E18ACF7ADCFB} = {31461A35-21AE-4C89-938B-5FCFEFA59763}
	EndGlobalSection
	GlobalSection(ExtensibilityGlobals) = postSolution
		SolutionGuid = {FC800F63-0DDD-41D3-AC7F-0CE0161DA878}
	EndGlobalSection
EndGlobal
