
Microsoft Visual Studio Solution File, Format Version 12.00
# Visual Studio Version 17
VisualStudioVersion = 17.1.31911.260
MinimumVisualStudioVersion = 10.0.40219.1
Project("{9A19103F-16F7-4668-BE54-9A1E7A4F7556}") = "GeneratePdfs", "GeneratePdfs\GeneratePdfs.csproj", "{916AAA7B-93D4-46D2-8934-0E35890D3410}"
EndProject
Global
	GlobalSection(SolutionConfigurationPlatforms) = preSolution
		Debug|Any CPU = Debug|Any CPU
		Release|Any CPU = Release|Any CPU
	EndGlobalSection
	GlobalSection(ProjectConfigurationPlatforms) = postSolution
		{916AAA7B-93D4-46D2-8934-0E35890D3410}.Debug|Any CPU.ActiveCfg = Debug|Any CPU
		{916AAA7B-93D4-46D2-8934-0E35890D3410}.Debug|Any CPU.Build.0 = Debug|Any CPU
		{916AAA7B-93D4-46D2-8934-0E35890D3410}.Release|Any CPU.ActiveCfg = Release|Any CPU
		{916AAA7B-93D4-46D2-8934-0E35890D3410}.Release|Any CPU.Build.0 = Release|Any CPU
	EndGlobalSection
	GlobalSection(SolutionProperties) = preSolution
		HideSolutionNode = FALSE
	EndGlobalSection
	GlobalSection(ExtensibilityGlobals) = postSolution
		SolutionGuid = {97830253-47BE-4128-A8A5-A92F746B92FD}
	EndGlobalSection
EndGlobal
